// !$*UTF8*$!
{
	archiveVersion = 1;
	classes = {
	};
	objectVersion = 46;
	objects = {

/* Begin PBXBuildFile section */
		8F0961331F5BFFA900FD03F4 /* LogsInteractor.swift in Sources */ = {isa = PBXBuildFile; fileRef = 8F0961321F5BFFA900FD03F4 /* LogsInteractor.swift */; };
		8F0961391F5C089500FD03F4 /* FilterPresenter.swift in Sources */ = {isa = PBXBuildFile; fileRef = 8F0961351F5C089500FD03F4 /* FilterPresenter.swift */; };
		8F09613A1F5C089500FD03F4 /* FilterVC.swift in Sources */ = {isa = PBXBuildFile; fileRef = 8F0961361F5C089500FD03F4 /* FilterVC.swift */; };
		8F09613B1F5C089500FD03F4 /* FilterWireframe.swift in Sources */ = {isa = PBXBuildFile; fileRef = 8F0961371F5C089500FD03F4 /* FilterWireframe.swift */; };
		8F09613C1F5C089500FD03F4 /* FilterInteractor.swift in Sources */ = {isa = PBXBuildFile; fileRef = 8F0961381F5C089500FD03F4 /* FilterInteractor.swift */; };
		8F0961401F5C613200FD03F4 /* TriggerViewModelFactory.swift in Sources */ = {isa = PBXBuildFile; fileRef = 8F09613F1F5C613200FD03F4 /* TriggerViewModelFactory.swift */; };
		8F0C4B4F1F57F0A700056910 /* pt-sans.bold.ttf in Resources */ = {isa = PBXBuildFile; fileRef = 8F0C4B4E1F57F0A700056910 /* pt-sans.bold.ttf */; };
		8F0C4B531F57FCC700056910 /* ViewController.swift in Sources */ = {isa = PBXBuildFile; fileRef = 8F0C4B521F57FCC700056910 /* ViewController.swift */; };
		8F0D4F7E1F558F9C003F3B39 /* WebKit.framework in Frameworks */ = {isa = PBXBuildFile; fileRef = 8F0D4F7D1F558F9C003F3B39 /* WebKit.framework */; };
		8F13F0E11F5B0AC50028B1FF /* LogsVC.swift in Sources */ = {isa = PBXBuildFile; fileRef = 8F13F0E01F5B0AC50028B1FF /* LogsVC.swift */; };
		8F13F0E31F5B0AE00028B1FF /* LogTableViewCell.swift in Sources */ = {isa = PBXBuildFile; fileRef = 8F13F0E21F5B0AE00028B1FF /* LogTableViewCell.swift */; };
		8F2042421F5E73BE00782D63 /* TriggerFired.swift in Sources */ = {isa = PBXBuildFile; fileRef = 8F2042411F5E73BE00782D63 /* TriggerFired.swift */; };
		8F20808F1F4EA59600C328DC /* Constants.swift in Sources */ = {isa = PBXBuildFile; fileRef = 8F20808E1F4EA59600C328DC /* Constants.swift */; };
		8F2080951F4EAAAB00C328DC /* TriggeringPresenter.swift in Sources */ = {isa = PBXBuildFile; fileRef = 8F2080911F4EAAAB00C328DC /* TriggeringPresenter.swift */; };
		8F2080961F4EAAAB00C328DC /* TriggeringVC.swift in Sources */ = {isa = PBXBuildFile; fileRef = 8F2080921F4EAAAB00C328DC /* TriggeringVC.swift */; };
		8F2080971F4EAAAB00C328DC /* TriggeringWireframe.swift in Sources */ = {isa = PBXBuildFile; fileRef = 8F2080931F4EAAAB00C328DC /* TriggeringWireframe.swift */; };
		8F2080981F4EAAAB00C328DC /* TriggeringInteractor.swift in Sources */ = {isa = PBXBuildFile; fileRef = 8F2080941F4EAAAB00C328DC /* TriggeringInteractor.swift */; };
		8F20809D1F4EACF300C328DC /* Settings.storyboard in Resources */ = {isa = PBXBuildFile; fileRef = 8F20809C1F4EACF300C328DC /* Settings.storyboard */; };
		8F20809F1F4EAD2C00C328DC /* Home.storyboard in Resources */ = {isa = PBXBuildFile; fileRef = 8F20809E1F4EAD2C00C328DC /* Home.storyboard */; };
		8F2080A11F4EAD3A00C328DC /* Triggering.storyboard in Resources */ = {isa = PBXBuildFile; fileRef = 8F2080A01F4EAD3A00C328DC /* Triggering.storyboard */; };
		8F2080A81F4EE28000C328DC /* GeofencesPresenter.swift in Sources */ = {isa = PBXBuildFile; fileRef = 8F2080A51F4EE28000C328DC /* GeofencesPresenter.swift */; };
		8F2080AA1F4EE28000C328DC /* GeofencesWireframe.swift in Sources */ = {isa = PBXBuildFile; fileRef = 8F2080A71F4EE28000C328DC /* GeofencesWireframe.swift */; };
		8F2080AE1F4EE29000C328DC /* LogsPresenter.swift in Sources */ = {isa = PBXBuildFile; fileRef = 8F2080AB1F4EE29000C328DC /* LogsPresenter.swift */; };
		8F2080B01F4EE29000C328DC /* LogsWireframe.swift in Sources */ = {isa = PBXBuildFile; fileRef = 8F2080AD1F4EE29000C328DC /* LogsWireframe.swift */; };
		8F2080B41F4EE2A200C328DC /* ScannerPresenter.swift in Sources */ = {isa = PBXBuildFile; fileRef = 8F2080B11F4EE2A200C328DC /* ScannerPresenter.swift */; };
		8F2080B51F4EE2A200C328DC /* ScannerVC.swift in Sources */ = {isa = PBXBuildFile; fileRef = 8F2080B21F4EE2A200C328DC /* ScannerVC.swift */; };
		8F2080B61F4EE2A200C328DC /* ScannerWireframe.swift in Sources */ = {isa = PBXBuildFile; fileRef = 8F2080B31F4EE2A200C328DC /* ScannerWireframe.swift */; };
		8F2080B81F4EFE8000C328DC /* ScannerInteractor.swift in Sources */ = {isa = PBXBuildFile; fileRef = 8F2080B71F4EFE8000C328DC /* ScannerInteractor.swift */; };
		8F4A27B31F5D2419003B440D /* TriggersManager.swift in Sources */ = {isa = PBXBuildFile; fileRef = 8F4A27B21F5D2419003B440D /* TriggersManager.swift */; };
		8F4A27B81F5D25DD003B440D /* OrchextraWrapper.swift in Sources */ = {isa = PBXBuildFile; fileRef = 8F4A27B71F5D25DD003B440D /* OrchextraWrapper.swift */; };
		8F5F7A171F4C60E700E62E57 /* HomePresenter.swift in Sources */ = {isa = PBXBuildFile; fileRef = 8F5F7A131F4C60E700E62E57 /* HomePresenter.swift */; };
		8F5F7A181F4C60E700E62E57 /* HomeVC.swift in Sources */ = {isa = PBXBuildFile; fileRef = 8F5F7A141F4C60E700E62E57 /* HomeVC.swift */; };
		8F5F7A191F4C60E700E62E57 /* HomeWireframe.swift in Sources */ = {isa = PBXBuildFile; fileRef = 8F5F7A151F4C60E700E62E57 /* HomeWireframe.swift */; };
		8F5F7A1A1F4C60E700E62E57 /* HomeInteractor.swift in Sources */ = {isa = PBXBuildFile; fileRef = 8F5F7A161F4C60E700E62E57 /* HomeInteractor.swift */; };
		8F689D1E1F5434C6002046FE /* WebVC.swift in Sources */ = {isa = PBXBuildFile; fileRef = 8F689D1C1F5434C6002046FE /* WebVC.swift */; };
		8F689D1F1F5434C6002046FE /* WebPresenter.swift in Sources */ = {isa = PBXBuildFile; fileRef = 8F689D1D1F5434C6002046FE /* WebPresenter.swift */; };
		8F689D231F544364002046FE /* WebView.storyboard in Resources */ = {isa = PBXBuildFile; fileRef = 8F689D221F544364002046FE /* WebView.storyboard */; };
		8F7F58DC1F4D81FB00271FC7 /* AppDelegate.swift in Sources */ = {isa = PBXBuildFile; fileRef = 8F7F58DB1F4D81FB00271FC7 /* AppDelegate.swift */; };
		8F7F58DE1F4D822000271FC7 /* AppWireframe.swift in Sources */ = {isa = PBXBuildFile; fileRef = 8F7F58DD1F4D822000271FC7 /* AppWireframe.swift */; };
		8F7F58EC1F4D84BD00271FC7 /* SettingsInteractor.swift in Sources */ = {isa = PBXBuildFile; fileRef = 8F7F58E81F4D84BD00271FC7 /* SettingsInteractor.swift */; };
		8F7F58ED1F4D84BD00271FC7 /* SettingsPresenter.swift in Sources */ = {isa = PBXBuildFile; fileRef = 8F7F58E91F4D84BD00271FC7 /* SettingsPresenter.swift */; };
		8F7F58EE1F4D84BD00271FC7 /* SettingsVC.swift in Sources */ = {isa = PBXBuildFile; fileRef = 8F7F58EA1F4D84BD00271FC7 /* SettingsVC.swift */; };
		8F7F58EF1F4D84BD00271FC7 /* SettingsWireframe.swift in Sources */ = {isa = PBXBuildFile; fileRef = 8F7F58EB1F4D84BD00271FC7 /* SettingsWireframe.swift */; };
		8F7F58F11F4D87D800271FC7 /* AppController.swift in Sources */ = {isa = PBXBuildFile; fileRef = 8F7F58F01F4D87D800271FC7 /* AppController.swift */; };
		8FAB227D1F56C22A005A6A91 /* Assets.xcassets in Resources */ = {isa = PBXBuildFile; fileRef = A9C54DCD1F41A8E500DF2074 /* Assets.xcassets */; };
		8FAB227E1F56C2A3005A6A91 /* Assets.xcassets in Resources */ = {isa = PBXBuildFile; fileRef = A9AC21121F543D9600095EC5 /* Assets.xcassets */; };
		8FCE6FAF1F504CC80098A325 /* MapKit.framework in Frameworks */ = {isa = PBXBuildFile; fileRef = 8FCE6FAE1F504CC80098A325 /* MapKit.framework */; };
		8FCE6FB31F504F070098A325 /* GeofencesVC.swift in Sources */ = {isa = PBXBuildFile; fileRef = 8FCE6FB21F504F070098A325 /* GeofencesVC.swift */; };
		8FCE6FB51F504F480098A325 /* RegionAnnotation.swift in Sources */ = {isa = PBXBuildFile; fileRef = 8FCE6FB41F504F480098A325 /* RegionAnnotation.swift */; };
		8FEF95ED1F58BCF9004D1BCF /* pt-sans.regular.ttf in Resources */ = {isa = PBXBuildFile; fileRef = 8FEF95EC1F58BCF9004D1BCF /* pt-sans.regular.ttf */; };
		8FFD3D8D1F569525000A1056 /* action_browser_notification.json in Resources */ = {isa = PBXBuildFile; fileRef = 8FFD3D881F569525000A1056 /* action_browser_notification.json */; };
		8FFD3D8E1F569525000A1056 /* action_scanner_notification.json in Resources */ = {isa = PBXBuildFile; fileRef = 8FFD3D891F569525000A1056 /* action_scanner_notification.json */; };
		8FFD3D8F1F569525000A1056 /* action_webview_notification.json in Resources */ = {isa = PBXBuildFile; fileRef = 8FFD3D8A1F569525000A1056 /* action_webview_notification.json */; };
		8FFD3D901F569525000A1056 /* accesstoken_fail_credential.json in Resources */ = {isa = PBXBuildFile; fileRef = 8FFD3D8B1F569525000A1056 /* accesstoken_fail_credential.json */; };
		8FFD3D911F569525000A1056 /* accesstoken_ok.json in Resources */ = {isa = PBXBuildFile; fileRef = 8FFD3D8C1F569525000A1056 /* accesstoken_ok.json */; };
		8FFD3D931F5698F5000A1056 /* ActionWebView.swift in Sources */ = {isa = PBXBuildFile; fileRef = 8FFD3D921F5698F5000A1056 /* ActionWebView.swift */; };
		8FFD3D991F569E77000A1056 /* action_external_browser_notification.json in Resources */ = {isa = PBXBuildFile; fileRef = 8FFD3D981F569E77000A1056 /* action_external_browser_notification.json */; };
		A90755881F4ABEDF0053868E /* TriggerService.swift in Sources */ = {isa = PBXBuildFile; fileRef = A90755871F4ABEDF0053868E /* TriggerService.swift */; };
		A907558A1F4AC1700053868E /* TriggerInteractor.swift in Sources */ = {isa = PBXBuildFile; fileRef = A90755891F4AC1700053868E /* TriggerInteractor.swift */; };
		A95E67DA1F5D50CD001D8B19 /* TriggerManagerTests.swift in Sources */ = {isa = PBXBuildFile; fileRef = A95E67D91F5D50CD001D8B19 /* TriggerManagerTests.swift */; };
		A95E67DF1F5D5AFA001D8B19 /* TriggerFactoryTests.swift in Sources */ = {isa = PBXBuildFile; fileRef = A95E67DE1F5D5AFA001D8B19 /* TriggerFactoryTests.swift */; };
		A95E67E11F5D690C001D8B19 /* ModuleInputMock.swift in Sources */ = {isa = PBXBuildFile; fileRef = A95E67E01F5D690C001D8B19 /* ModuleInputMock.swift */; };
		A95E67E61F5D71BE001D8B19 /* ActionServicesMock.swift in Sources */ = {isa = PBXBuildFile; fileRef = A95E67E51F5D71BE001D8B19 /* ActionServicesMock.swift */; };
		A95E67E91F5D730D001D8B19 /* PushOrxManagerMock.swift in Sources */ = {isa = PBXBuildFile; fileRef = A95E67E81F5D730D001D8B19 /* PushOrxManagerMock.swift */; };
		A95E67EB1F5D84D2001D8B19 /* action_scanner_without_schedule.json in Resources */ = {isa = PBXBuildFile; fileRef = A95E67EA1F5D84D2001D8B19 /* action_scanner_without_schedule.json */; };
		A95E67ED1F5D850E001D8B19 /* action_scanner_without_notification.json in Resources */ = {isa = PBXBuildFile; fileRef = A95E67EC1F5D850E001D8B19 /* action_scanner_without_notification.json */; };
		A95E67F11F5D8FFA001D8B19 /* action_webview_without_notification.json in Resources */ = {isa = PBXBuildFile; fileRef = A95E67F01F5D8FFA001D8B19 /* action_webview_without_notification.json */; };
		A95E67F31F5D912C001D8B19 /* action_browser_without_notification.json in Resources */ = {isa = PBXBuildFile; fileRef = A95E67F21F5D912C001D8B19 /* action_browser_without_notification.json */; };
		A974BE861F4B0DE700A355FD /* ModuleInterface.swift in Sources */ = {isa = PBXBuildFile; fileRef = A974BE851F4B0DE700A355FD /* ModuleInterface.swift */; };
		A978C5C81F45727A00F5DFFD /* Dictionary+Extension.swift in Sources */ = {isa = PBXBuildFile; fileRef = A978C5C71F45727A00F5DFFD /* Dictionary+Extension.swift */; };
		A978C5CC1F45732B00F5DFFD /* Dictionary+ExtensionTests.swift in Sources */ = {isa = PBXBuildFile; fileRef = A978C5CB1F45732B00F5DFFD /* Dictionary+ExtensionTests.swift */; };
		A978C5CD1F4577C300F5DFFD /* Nimble.framework in Frameworks */ = {isa = PBXBuildFile; fileRef = A9C54DFE1F44684A00DF2074 /* Nimble.framework */; };
		A978C5CE1F4577D700F5DFFD /* Quick.framework in Frameworks */ = {isa = PBXBuildFile; fileRef = A9C54DFF1F44684A00DF2074 /* Quick.framework */; };
		A978C5D01F45780E00F5DFFD /* Quick.framework in CopyFiles */ = {isa = PBXBuildFile; fileRef = A9C54DFF1F44684A00DF2074 /* Quick.framework */; settings = {ATTRIBUTES = (CodeSignOnCopy, RemoveHeadersOnCopy, ); }; };
		A978C5D11F45781200F5DFFD /* Nimble.framework in CopyFiles */ = {isa = PBXBuildFile; fileRef = A9C54DFE1F44684A00DF2074 /* Nimble.framework */; settings = {ATTRIBUTES = (CodeSignOnCopy, RemoveHeadersOnCopy, ); }; };
		A978C5D21F45781900F5DFFD /* OHHTTPStubs.framework in CopyFiles */ = {isa = PBXBuildFile; fileRef = A9C54E031F446B0400DF2074 /* OHHTTPStubs.framework */; settings = {ATTRIBUTES = (CodeSignOnCopy, RemoveHeadersOnCopy, ); }; };
		A978C5D31F45782700F5DFFD /* Orchextra.framework in CopyFiles */ = {isa = PBXBuildFile; fileRef = A9C54D971F41A6F100DF2074 /* Orchextra.framework */; settings = {ATTRIBUTES = (CodeSignOnCopy, RemoveHeadersOnCopy, ); }; };
		A978C5D41F45783C00F5DFFD /* GIGLibrary.framework in Frameworks */ = {isa = PBXBuildFile; fileRef = A9C54DBA1F41A84300DF2074 /* GIGLibrary.framework */; };
		A978C5D51F45784300F5DFFD /* GIGLibrary.framework in CopyFiles */ = {isa = PBXBuildFile; fileRef = A9C54DBA1F41A84300DF2074 /* GIGLibrary.framework */; settings = {ATTRIBUTES = (CodeSignOnCopy, RemoveHeadersOnCopy, ); }; };
		A978C5D81F457AE200F5DFFD /* AuthenticationInteractorTests.swift in Sources */ = {isa = PBXBuildFile; fileRef = A978C5D71F457AE200F5DFFD /* AuthenticationInteractorTests.swift */; };
		A978C5DC1F45A43900F5DFFD /* SessionMock.swift in Sources */ = {isa = PBXBuildFile; fileRef = A978C5DB1F45A43900F5DFFD /* SessionMock.swift */; };
		A978C5DE1F45AF0700F5DFFD /* ConfigService.swift in Sources */ = {isa = PBXBuildFile; fileRef = A978C5DD1F45AF0700F5DFFD /* ConfigService.swift */; };
		A9986B291F59764E00F2CC65 /* ActionManager.swift in Sources */ = {isa = PBXBuildFile; fileRef = A9986B261F59764E00F2CC65 /* ActionManager.swift */; };
		A9986B2A1F59764E00F2CC65 /* PushOrxManager.swift in Sources */ = {isa = PBXBuildFile; fileRef = A9986B271F59764E00F2CC65 /* PushOrxManager.swift */; };
		A9986B2B1F59764E00F2CC65 /* TriggerManager.swift in Sources */ = {isa = PBXBuildFile; fileRef = A9986B281F59764E00F2CC65 /* TriggerManager.swift */; };
		A9986B2D1F59766600F2CC65 /* ActionBrowserExternal.swift in Sources */ = {isa = PBXBuildFile; fileRef = A9986B2C1F59766600F2CC65 /* ActionBrowserExternal.swift */; };
		A9986B2F1F59767C00F2CC65 /* ActionService.swift in Sources */ = {isa = PBXBuildFile; fileRef = A9986B2E1F59767C00F2CC65 /* ActionService.swift */; };
		A9986B321F5976B600F2CC65 /* LocalNotification.swift in Sources */ = {isa = PBXBuildFile; fileRef = A9986B311F5976B600F2CC65 /* LocalNotification.swift */; };
		A9986B341F5976D200F2CC65 /* Date+Extension.swift in Sources */ = {isa = PBXBuildFile; fileRef = A9986B331F5976D200F2CC65 /* Date+Extension.swift */; };
		A99885F21F5010DC00EED42E /* Wireframe.swift in Sources */ = {isa = PBXBuildFile; fileRef = A99885F01F5010DC00EED42E /* Wireframe.swift */; };
		A99885F81F502E1800EED42E /* ScannerOrx.storyboard in Resources */ = {isa = PBXBuildFile; fileRef = A99885F41F502E1800EED42E /* ScannerOrx.storyboard */; };
		A99885F91F502E1800EED42E /* ScannerPresenter.swift in Sources */ = {isa = PBXBuildFile; fileRef = A99885F51F502E1800EED42E /* ScannerPresenter.swift */; };
		A99885FA1F502E1800EED42E /* ScannerOrxVC.swift in Sources */ = {isa = PBXBuildFile; fileRef = A99885F61F502E1800EED42E /* ScannerOrxVC.swift */; };
		A99885FD1F50353D00EED42E /* Action.swift in Sources */ = {isa = PBXBuildFile; fileRef = A99885FC1F50353D00EED42E /* Action.swift */; };
		A99885FF1F50363C00EED42E /* ActionBrowser.swift in Sources */ = {isa = PBXBuildFile; fileRef = A99885FE1F50363C00EED42E /* ActionBrowser.swift */; };
		A99886011F5037E900EED42E /* ActionDoNothing.swift in Sources */ = {isa = PBXBuildFile; fileRef = A99886001F5037E900EED42E /* ActionDoNothing.swift */; };
		A99886041F50450F00EED42E /* Trigger.swift in Sources */ = {isa = PBXBuildFile; fileRef = A99886031F50450F00EED42E /* Trigger.swift */; };
		A99886061F5045DB00EED42E /* TriggerQR.swift in Sources */ = {isa = PBXBuildFile; fileRef = A99886051F5045DB00EED42E /* TriggerQR.swift */; };
		A99886081F504AB800EED42E /* TriggerBarcode.swift in Sources */ = {isa = PBXBuildFile; fileRef = A99886071F504AB800EED42E /* TriggerBarcode.swift */; };
		A9AC210A1F542E7C00095EC5 /* ActionScanner.swift in Sources */ = {isa = PBXBuildFile; fileRef = A9AC21091F542E7C00095EC5 /* ActionScanner.swift */; };
		A9AC21221F543D9600095EC5 /* Localizable.strings in Resources */ = {isa = PBXBuildFile; fileRef = A9AC21151F543D9600095EC5 /* Localizable.strings */; };
		A9AC21231F543D9600095EC5 /* LocalizableConstants.swift in Sources */ = {isa = PBXBuildFile; fileRef = A9AC211C1F543D9600095EC5 /* LocalizableConstants.swift */; };
		A9AC21261F54416E00095EC5 /* Dispatch+Extension.swift in Sources */ = {isa = PBXBuildFile; fileRef = A9AC21251F54416E00095EC5 /* Dispatch+Extension.swift */; };
		A9AC21281F5443E600095EC5 /* PaddingLabel.swift in Sources */ = {isa = PBXBuildFile; fileRef = A9AC21271F5443E600095EC5 /* PaddingLabel.swift */; };
		A9AC212C1F554C5200095EC5 /* UIColor+Extension.swift in Sources */ = {isa = PBXBuildFile; fileRef = A9AC212B1F554C5200095EC5 /* UIColor+Extension.swift */; };
		A9AC212F1F5580EC00095EC5 /* ScannerTests.swift in Sources */ = {isa = PBXBuildFile; fileRef = A9AC212E1F5580EC00095EC5 /* ScannerTests.swift */; };
		A9C54DA11F41A6F100DF2074 /* Orchextra.framework in Frameworks */ = {isa = PBXBuildFile; fileRef = A9C54D971F41A6F100DF2074 /* Orchextra.framework */; };
		A9C54DA81F41A6F100DF2074 /* Orchextra.h in Headers */ = {isa = PBXBuildFile; fileRef = A9C54D9A1F41A6F100DF2074 /* Orchextra.h */; settings = {ATTRIBUTES = (Public, ); }; };
		A9C54DB41F41A81600DF2074 /* Cartfile in Resources */ = {isa = PBXBuildFile; fileRef = A9C54DB21F41A81600DF2074 /* Cartfile */; };
		A9C54DB51F41A81600DF2074 /* Cartfile.private in Resources */ = {isa = PBXBuildFile; fileRef = A9C54DB31F41A81600DF2074 /* Cartfile.private */; };
		A9C54DB81F41A81E00DF2074 /* Orchextra.swift in Sources */ = {isa = PBXBuildFile; fileRef = A9C54DB61F41A81E00DF2074 /* Orchextra.swift */; };
		A9C54DB91F41A81E00DF2074 /* OrchextraWrapper.swift in Sources */ = {isa = PBXBuildFile; fileRef = A9C54DB71F41A81E00DF2074 /* OrchextraWrapper.swift */; };
		A9C54DBB1F41A84300DF2074 /* GIGLibrary.framework in Frameworks */ = {isa = PBXBuildFile; fileRef = A9C54DBA1F41A84300DF2074 /* GIGLibrary.framework */; };
		A9C54DBF1F41A8B400DF2074 /* Bundle+Extension.swift in Sources */ = {isa = PBXBuildFile; fileRef = A9C54DBE1F41A8B400DF2074 /* Bundle+Extension.swift */; };
		A9C54DD11F41A8E500DF2074 /* LaunchScreen.storyboard in Resources */ = {isa = PBXBuildFile; fileRef = A9C54DCF1F41A8E500DF2074 /* LaunchScreen.storyboard */; };
		A9C54DD71F41A99700DF2074 /* Orchextra.framework in Frameworks */ = {isa = PBXBuildFile; fileRef = A9C54D971F41A6F100DF2074 /* Orchextra.framework */; };
		A9C54DD81F41A99700DF2074 /* Orchextra.framework in Embed Frameworks */ = {isa = PBXBuildFile; fileRef = A9C54D971F41A6F100DF2074 /* Orchextra.framework */; settings = {ATTRIBUTES = (CodeSignOnCopy, RemoveHeadersOnCopy, ); }; };
		A9C54DDC1F41A9F500DF2074 /* GIGLibrary.framework in Frameworks */ = {isa = PBXBuildFile; fileRef = A9C54DBA1F41A84300DF2074 /* GIGLibrary.framework */; };
		A9C54DDD1F41A9F600DF2074 /* GIGLibrary.framework in Embed Frameworks */ = {isa = PBXBuildFile; fileRef = A9C54DBA1F41A84300DF2074 /* GIGLibrary.framework */; settings = {ATTRIBUTES = (CodeSignOnCopy, RemoveHeadersOnCopy, ); }; };
		A9C54DE21F41ABE200DF2074 /* Request.swift in Sources */ = {isa = PBXBuildFile; fileRef = A9C54DE11F41ABE200DF2074 /* Request.swift */; };
		A9C54DE81F41ACA400DF2074 /* Config.swift in Sources */ = {isa = PBXBuildFile; fileRef = A9C54DE71F41ACA400DF2074 /* Config.swift */; };
		A9C54DEA1F41AD5000DF2074 /* Session.swift in Sources */ = {isa = PBXBuildFile; fileRef = A9C54DE91F41AD5000DF2074 /* Session.swift */; };
		A9C54DEF1F41B1EC00DF2074 /* AuthenticationService.swift in Sources */ = {isa = PBXBuildFile; fileRef = A9C54DEE1F41B1EC00DF2074 /* AuthenticationService.swift */; };
		A9C54DF21F41B22600DF2074 /* ConfigInteractor.swift in Sources */ = {isa = PBXBuildFile; fileRef = A9C54DF11F41B22600DF2074 /* ConfigInteractor.swift */; };
		A9C54DF41F41BD3300DF2074 /* AuthInteractor.swift in Sources */ = {isa = PBXBuildFile; fileRef = A9C54DF31F41BD3300DF2074 /* AuthInteractor.swift */; };
		A9C54DF61F44284200DF2074 /* ErrorServiceHandler.swift in Sources */ = {isa = PBXBuildFile; fileRef = A9C54DF51F44284200DF2074 /* ErrorServiceHandler.swift */; };
		A9C54DFB1F4433D300DF2074 /* AdSupport.framework in Frameworks */ = {isa = PBXBuildFile; fileRef = A9C54DFA1F4433D300DF2074 /* AdSupport.framework */; };
		A9C54E041F446B0400DF2074 /* OHHTTPStubs.framework in Frameworks */ = {isa = PBXBuildFile; fileRef = A9C54E031F446B0400DF2074 /* OHHTTPStubs.framework */; };
		A9C54E0A1F446FC000DF2074 /* StubResponse.swift in Sources */ = {isa = PBXBuildFile; fileRef = A9C54E091F446FC000DF2074 /* StubResponse.swift */; };
		A9C6EB921F46FB12007AE036 /* Tag.swift in Sources */ = {isa = PBXBuildFile; fileRef = A9C6EB911F46FB12007AE036 /* Tag.swift */; };
		A9C6EB941F46FB24007AE036 /* Device.swift in Sources */ = {isa = PBXBuildFile; fileRef = A9C6EB931F46FB24007AE036 /* Device.swift */; };
		A9C6EB961F47035D007AE036 /* BusinessUnit.swift in Sources */ = {isa = PBXBuildFile; fileRef = A9C6EB951F47035D007AE036 /* BusinessUnit.swift */; };
		A9C6EB981F4703A3007AE036 /* CustomField.swift in Sources */ = {isa = PBXBuildFile; fileRef = A9C6EB971F4703A3007AE036 /* CustomField.swift */; };
		A9D0FC361F56C29900596CF3 /* ScannerVCMock.swift in Sources */ = {isa = PBXBuildFile; fileRef = A9D0FC351F56C29900596CF3 /* ScannerVCMock.swift */; };
		A9D0FC381F56D1F100596CF3 /* ModuleOutputMock.swift in Sources */ = {isa = PBXBuildFile; fileRef = A9D0FC371F56D1F100596CF3 /* ModuleOutputMock.swift */; };
		A9D0FC3C1F57F00400596CF3 /* ActionFactoryTest.swift in Sources */ = {isa = PBXBuildFile; fileRef = A9D0FC3B1F57F00400596CF3 /* ActionFactoryTest.swift */; };
		A9D0FC3E1F57F09200596CF3 /* JSONHandler.swift in Sources */ = {isa = PBXBuildFile; fileRef = A9D0FC3D1F57F09200596CF3 /* JSONHandler.swift */; };
/* End PBXBuildFile section */

/* Begin PBXContainerItemProxy section */
		A95E67E21F5D6DF2001D8B19 /* PBXContainerItemProxy */ = {
			isa = PBXContainerItemProxy;
			containerPortal = A9C54D8E1F41A6F100DF2074 /* Project object */;
			proxyType = 1;
			remoteGlobalIDString = A9C54DC31F41A8E500DF2074;
			remoteInfo = OrchextraApp;
		};
		A9C54DA21F41A6F100DF2074 /* PBXContainerItemProxy */ = {
			isa = PBXContainerItemProxy;
			containerPortal = A9C54D8E1F41A6F100DF2074 /* Project object */;
			proxyType = 1;
			remoteGlobalIDString = A9C54D961F41A6F100DF2074;
			remoteInfo = Orchextra;
		};
		A9C54DD91F41A99700DF2074 /* PBXContainerItemProxy */ = {
			isa = PBXContainerItemProxy;
			containerPortal = A9C54D8E1F41A6F100DF2074 /* Project object */;
			proxyType = 1;
			remoteGlobalIDString = A9C54D961F41A6F100DF2074;
			remoteInfo = Orchextra;
		};
/* End PBXContainerItemProxy section */

/* Begin PBXCopyFilesBuildPhase section */
		A978C5CF1F4577FF00F5DFFD /* CopyFiles */ = {
			isa = PBXCopyFilesBuildPhase;
			buildActionMask = 2147483647;
			dstPath = "";
			dstSubfolderSpec = 10;
			files = (
				A978C5D51F45784300F5DFFD /* GIGLibrary.framework in CopyFiles */,
				A978C5D31F45782700F5DFFD /* Orchextra.framework in CopyFiles */,
				A978C5D21F45781900F5DFFD /* OHHTTPStubs.framework in CopyFiles */,
				A978C5D11F45781200F5DFFD /* Nimble.framework in CopyFiles */,
				A978C5D01F45780E00F5DFFD /* Quick.framework in CopyFiles */,
			);
			runOnlyForDeploymentPostprocessing = 0;
		};
		A9C54DDB1F41A99700DF2074 /* Embed Frameworks */ = {
			isa = PBXCopyFilesBuildPhase;
			buildActionMask = 2147483647;
			dstPath = "";
			dstSubfolderSpec = 10;
			files = (
				A9C54DDD1F41A9F600DF2074 /* GIGLibrary.framework in Embed Frameworks */,
				A9C54DD81F41A99700DF2074 /* Orchextra.framework in Embed Frameworks */,
			);
			name = "Embed Frameworks";
			runOnlyForDeploymentPostprocessing = 0;
		};
/* End PBXCopyFilesBuildPhase section */

/* Begin PBXFileReference section */
		8F0961321F5BFFA900FD03F4 /* LogsInteractor.swift */ = {isa = PBXFileReference; fileEncoding = 4; lastKnownFileType = sourcecode.swift; path = LogsInteractor.swift; sourceTree = "<group>"; };
		8F0961351F5C089500FD03F4 /* FilterPresenter.swift */ = {isa = PBXFileReference; fileEncoding = 4; lastKnownFileType = sourcecode.swift; path = FilterPresenter.swift; sourceTree = "<group>"; };
		8F0961361F5C089500FD03F4 /* FilterVC.swift */ = {isa = PBXFileReference; fileEncoding = 4; lastKnownFileType = sourcecode.swift; path = FilterVC.swift; sourceTree = "<group>"; };
		8F0961371F5C089500FD03F4 /* FilterWireframe.swift */ = {isa = PBXFileReference; fileEncoding = 4; lastKnownFileType = sourcecode.swift; path = FilterWireframe.swift; sourceTree = "<group>"; };
		8F0961381F5C089500FD03F4 /* FilterInteractor.swift */ = {isa = PBXFileReference; fileEncoding = 4; lastKnownFileType = sourcecode.swift; path = FilterInteractor.swift; sourceTree = "<group>"; };
		8F09613F1F5C613200FD03F4 /* TriggerViewModelFactory.swift */ = {isa = PBXFileReference; fileEncoding = 4; lastKnownFileType = sourcecode.swift; path = TriggerViewModelFactory.swift; sourceTree = "<group>"; };
		8F0C4B4E1F57F0A700056910 /* pt-sans.bold.ttf */ = {isa = PBXFileReference; lastKnownFileType = file; path = "pt-sans.bold.ttf"; sourceTree = "<group>"; };
		8F0C4B521F57FCC700056910 /* ViewController.swift */ = {isa = PBXFileReference; fileEncoding = 4; lastKnownFileType = sourcecode.swift; path = ViewController.swift; sourceTree = "<group>"; };
		8F0D4F7D1F558F9C003F3B39 /* WebKit.framework */ = {isa = PBXFileReference; lastKnownFileType = wrapper.framework; name = WebKit.framework; path = System/Library/Frameworks/WebKit.framework; sourceTree = SDKROOT; };
		8F13F0E01F5B0AC50028B1FF /* LogsVC.swift */ = {isa = PBXFileReference; fileEncoding = 4; lastKnownFileType = sourcecode.swift; path = LogsVC.swift; sourceTree = "<group>"; };
		8F13F0E21F5B0AE00028B1FF /* LogTableViewCell.swift */ = {isa = PBXFileReference; fileEncoding = 4; lastKnownFileType = sourcecode.swift; path = LogTableViewCell.swift; sourceTree = "<group>"; };
		8F2042411F5E73BE00782D63 /* TriggerFired.swift */ = {isa = PBXFileReference; fileEncoding = 4; lastKnownFileType = sourcecode.swift; path = TriggerFired.swift; sourceTree = "<group>"; };
		8F20808E1F4EA59600C328DC /* Constants.swift */ = {isa = PBXFileReference; fileEncoding = 4; lastKnownFileType = sourcecode.swift; path = Constants.swift; sourceTree = "<group>"; };
		8F2080911F4EAAAB00C328DC /* TriggeringPresenter.swift */ = {isa = PBXFileReference; fileEncoding = 4; lastKnownFileType = sourcecode.swift; path = TriggeringPresenter.swift; sourceTree = "<group>"; };
		8F2080921F4EAAAB00C328DC /* TriggeringVC.swift */ = {isa = PBXFileReference; fileEncoding = 4; lastKnownFileType = sourcecode.swift; path = TriggeringVC.swift; sourceTree = "<group>"; };
		8F2080931F4EAAAB00C328DC /* TriggeringWireframe.swift */ = {isa = PBXFileReference; fileEncoding = 4; lastKnownFileType = sourcecode.swift; path = TriggeringWireframe.swift; sourceTree = "<group>"; };
		8F2080941F4EAAAB00C328DC /* TriggeringInteractor.swift */ = {isa = PBXFileReference; fileEncoding = 4; lastKnownFileType = sourcecode.swift; path = TriggeringInteractor.swift; sourceTree = "<group>"; };
		8F20809C1F4EACF300C328DC /* Settings.storyboard */ = {isa = PBXFileReference; fileEncoding = 4; lastKnownFileType = file.storyboard; path = Settings.storyboard; sourceTree = "<group>"; };
		8F20809E1F4EAD2C00C328DC /* Home.storyboard */ = {isa = PBXFileReference; fileEncoding = 4; lastKnownFileType = file.storyboard; path = Home.storyboard; sourceTree = "<group>"; };
		8F2080A01F4EAD3A00C328DC /* Triggering.storyboard */ = {isa = PBXFileReference; fileEncoding = 4; lastKnownFileType = file.storyboard; path = Triggering.storyboard; sourceTree = "<group>"; };
		8F2080A51F4EE28000C328DC /* GeofencesPresenter.swift */ = {isa = PBXFileReference; fileEncoding = 4; lastKnownFileType = sourcecode.swift; path = GeofencesPresenter.swift; sourceTree = "<group>"; };
		8F2080A71F4EE28000C328DC /* GeofencesWireframe.swift */ = {isa = PBXFileReference; fileEncoding = 4; lastKnownFileType = sourcecode.swift; path = GeofencesWireframe.swift; sourceTree = "<group>"; };
		8F2080AB1F4EE29000C328DC /* LogsPresenter.swift */ = {isa = PBXFileReference; fileEncoding = 4; lastKnownFileType = sourcecode.swift; path = LogsPresenter.swift; sourceTree = "<group>"; };
		8F2080AD1F4EE29000C328DC /* LogsWireframe.swift */ = {isa = PBXFileReference; fileEncoding = 4; lastKnownFileType = sourcecode.swift; path = LogsWireframe.swift; sourceTree = "<group>"; };
		8F2080B11F4EE2A200C328DC /* ScannerPresenter.swift */ = {isa = PBXFileReference; fileEncoding = 4; lastKnownFileType = sourcecode.swift; path = ScannerPresenter.swift; sourceTree = "<group>"; };
		8F2080B21F4EE2A200C328DC /* ScannerVC.swift */ = {isa = PBXFileReference; fileEncoding = 4; lastKnownFileType = sourcecode.swift; path = ScannerVC.swift; sourceTree = "<group>"; };
		8F2080B31F4EE2A200C328DC /* ScannerWireframe.swift */ = {isa = PBXFileReference; fileEncoding = 4; lastKnownFileType = sourcecode.swift; path = ScannerWireframe.swift; sourceTree = "<group>"; };
		8F2080B71F4EFE8000C328DC /* ScannerInteractor.swift */ = {isa = PBXFileReference; fileEncoding = 4; lastKnownFileType = sourcecode.swift; path = ScannerInteractor.swift; sourceTree = "<group>"; };
		8F4A27B21F5D2419003B440D /* TriggersManager.swift */ = {isa = PBXFileReference; fileEncoding = 4; lastKnownFileType = sourcecode.swift; path = TriggersManager.swift; sourceTree = "<group>"; };
		8F4A27B71F5D25DD003B440D /* OrchextraWrapper.swift */ = {isa = PBXFileReference; fileEncoding = 4; lastKnownFileType = sourcecode.swift; path = OrchextraWrapper.swift; sourceTree = "<group>"; };
		8F5F7A131F4C60E700E62E57 /* HomePresenter.swift */ = {isa = PBXFileReference; fileEncoding = 4; lastKnownFileType = sourcecode.swift; path = HomePresenter.swift; sourceTree = "<group>"; };
		8F5F7A141F4C60E700E62E57 /* HomeVC.swift */ = {isa = PBXFileReference; fileEncoding = 4; lastKnownFileType = sourcecode.swift; path = HomeVC.swift; sourceTree = "<group>"; };
		8F5F7A151F4C60E700E62E57 /* HomeWireframe.swift */ = {isa = PBXFileReference; fileEncoding = 4; lastKnownFileType = sourcecode.swift; path = HomeWireframe.swift; sourceTree = "<group>"; };
		8F5F7A161F4C60E700E62E57 /* HomeInteractor.swift */ = {isa = PBXFileReference; fileEncoding = 4; lastKnownFileType = sourcecode.swift; path = HomeInteractor.swift; sourceTree = "<group>"; };
		8F689D1C1F5434C6002046FE /* WebVC.swift */ = {isa = PBXFileReference; fileEncoding = 4; lastKnownFileType = sourcecode.swift; path = WebVC.swift; sourceTree = "<group>"; };
		8F689D1D1F5434C6002046FE /* WebPresenter.swift */ = {isa = PBXFileReference; fileEncoding = 4; lastKnownFileType = sourcecode.swift; path = WebPresenter.swift; sourceTree = "<group>"; };
		8F689D221F544364002046FE /* WebView.storyboard */ = {isa = PBXFileReference; fileEncoding = 4; lastKnownFileType = file.storyboard; path = WebView.storyboard; sourceTree = "<group>"; };
		8F7F58DB1F4D81FB00271FC7 /* AppDelegate.swift */ = {isa = PBXFileReference; fileEncoding = 4; lastKnownFileType = sourcecode.swift; path = AppDelegate.swift; sourceTree = "<group>"; };
		8F7F58DD1F4D822000271FC7 /* AppWireframe.swift */ = {isa = PBXFileReference; fileEncoding = 4; lastKnownFileType = sourcecode.swift; path = AppWireframe.swift; sourceTree = "<group>"; };
		8F7F58E81F4D84BD00271FC7 /* SettingsInteractor.swift */ = {isa = PBXFileReference; fileEncoding = 4; lastKnownFileType = sourcecode.swift; path = SettingsInteractor.swift; sourceTree = "<group>"; };
		8F7F58E91F4D84BD00271FC7 /* SettingsPresenter.swift */ = {isa = PBXFileReference; fileEncoding = 4; lastKnownFileType = sourcecode.swift; path = SettingsPresenter.swift; sourceTree = "<group>"; };
		8F7F58EA1F4D84BD00271FC7 /* SettingsVC.swift */ = {isa = PBXFileReference; fileEncoding = 4; lastKnownFileType = sourcecode.swift; path = SettingsVC.swift; sourceTree = "<group>"; };
		8F7F58EB1F4D84BD00271FC7 /* SettingsWireframe.swift */ = {isa = PBXFileReference; fileEncoding = 4; lastKnownFileType = sourcecode.swift; path = SettingsWireframe.swift; sourceTree = "<group>"; };
		8F7F58F01F4D87D800271FC7 /* AppController.swift */ = {isa = PBXFileReference; fileEncoding = 4; lastKnownFileType = sourcecode.swift; path = AppController.swift; sourceTree = "<group>"; };
		8FCE6FAE1F504CC80098A325 /* MapKit.framework */ = {isa = PBXFileReference; lastKnownFileType = wrapper.framework; name = MapKit.framework; path = System/Library/Frameworks/MapKit.framework; sourceTree = SDKROOT; };
		8FCE6FB21F504F070098A325 /* GeofencesVC.swift */ = {isa = PBXFileReference; fileEncoding = 4; lastKnownFileType = sourcecode.swift; path = GeofencesVC.swift; sourceTree = "<group>"; };
		8FCE6FB41F504F480098A325 /* RegionAnnotation.swift */ = {isa = PBXFileReference; fileEncoding = 4; lastKnownFileType = sourcecode.swift; path = RegionAnnotation.swift; sourceTree = "<group>"; };
		8FEF95EC1F58BCF9004D1BCF /* pt-sans.regular.ttf */ = {isa = PBXFileReference; lastKnownFileType = file; path = "pt-sans.regular.ttf"; sourceTree = "<group>"; };
		8FFD3D881F569525000A1056 /* action_browser_notification.json */ = {isa = PBXFileReference; fileEncoding = 4; lastKnownFileType = text.json; name = action_browser_notification.json; path = Mocks/Json/action_browser_notification.json; sourceTree = "<group>"; };
		8FFD3D891F569525000A1056 /* action_scanner_notification.json */ = {isa = PBXFileReference; fileEncoding = 4; lastKnownFileType = text.json; name = action_scanner_notification.json; path = Mocks/Json/action_scanner_notification.json; sourceTree = "<group>"; };
		8FFD3D8A1F569525000A1056 /* action_webview_notification.json */ = {isa = PBXFileReference; fileEncoding = 4; lastKnownFileType = text.json; name = action_webview_notification.json; path = Mocks/Json/action_webview_notification.json; sourceTree = "<group>"; };
		8FFD3D8B1F569525000A1056 /* accesstoken_fail_credential.json */ = {isa = PBXFileReference; fileEncoding = 4; lastKnownFileType = text.json; name = accesstoken_fail_credential.json; path = Mocks/Json/accesstoken_fail_credential.json; sourceTree = "<group>"; };
		8FFD3D8C1F569525000A1056 /* accesstoken_ok.json */ = {isa = PBXFileReference; fileEncoding = 4; lastKnownFileType = text.json; name = accesstoken_ok.json; path = Mocks/Json/accesstoken_ok.json; sourceTree = "<group>"; };
		8FFD3D921F5698F5000A1056 /* ActionWebView.swift */ = {isa = PBXFileReference; fileEncoding = 4; lastKnownFileType = sourcecode.swift; name = ActionWebView.swift; path = Common/Model/Actions/ActionWebView.swift; sourceTree = "<group>"; };
		8FFD3D981F569E77000A1056 /* action_external_browser_notification.json */ = {isa = PBXFileReference; fileEncoding = 4; lastKnownFileType = text.json; name = action_external_browser_notification.json; path = Mocks/Json/action_external_browser_notification.json; sourceTree = "<group>"; };
		A90755871F4ABEDF0053868E /* TriggerService.swift */ = {isa = PBXFileReference; fileEncoding = 4; lastKnownFileType = sourcecode.swift; path = TriggerService.swift; sourceTree = "<group>"; };
		A90755891F4AC1700053868E /* TriggerInteractor.swift */ = {isa = PBXFileReference; fileEncoding = 4; lastKnownFileType = sourcecode.swift; name = TriggerInteractor.swift; path = Common/Interactors/TriggerInteractor.swift; sourceTree = "<group>"; };
		A95E67D91F5D50CD001D8B19 /* TriggerManagerTests.swift */ = {isa = PBXFileReference; fileEncoding = 4; lastKnownFileType = sourcecode.swift; name = TriggerManagerTests.swift; path = Modules/Manager/TriggerManagerTests.swift; sourceTree = "<group>"; };
		A95E67DE1F5D5AFA001D8B19 /* TriggerFactoryTests.swift */ = {isa = PBXFileReference; fileEncoding = 4; lastKnownFileType = sourcecode.swift; path = TriggerFactoryTests.swift; sourceTree = "<group>"; };
		A95E67E01F5D690C001D8B19 /* ModuleInputMock.swift */ = {isa = PBXFileReference; fileEncoding = 4; lastKnownFileType = sourcecode.swift; name = ModuleInputMock.swift; path = Mocks/Modules/ScannerMocks/ModuleInputMock.swift; sourceTree = "<group>"; };
		A95E67E51F5D71BE001D8B19 /* ActionServicesMock.swift */ = {isa = PBXFileReference; fileEncoding = 4; lastKnownFileType = sourcecode.swift; name = ActionServicesMock.swift; path = Mocks/Services/ActionServicesMock.swift; sourceTree = "<group>"; };
		A95E67E81F5D730D001D8B19 /* PushOrxManagerMock.swift */ = {isa = PBXFileReference; fileEncoding = 4; lastKnownFileType = sourcecode.swift; name = PushOrxManagerMock.swift; path = Mocks/Modules/Manager/PushOrxManagerMock.swift; sourceTree = "<group>"; };
		A95E67EA1F5D84D2001D8B19 /* action_scanner_without_schedule.json */ = {isa = PBXFileReference; fileEncoding = 4; lastKnownFileType = text.json; name = action_scanner_without_schedule.json; path = Mocks/Json/action_scanner_without_schedule.json; sourceTree = "<group>"; };
		A95E67EC1F5D850E001D8B19 /* action_scanner_without_notification.json */ = {isa = PBXFileReference; fileEncoding = 4; lastKnownFileType = text.json; name = action_scanner_without_notification.json; path = Mocks/Json/action_scanner_without_notification.json; sourceTree = "<group>"; };
		A95E67F01F5D8FFA001D8B19 /* action_webview_without_notification.json */ = {isa = PBXFileReference; fileEncoding = 4; lastKnownFileType = text.json; name = action_webview_without_notification.json; path = Mocks/Json/action_webview_without_notification.json; sourceTree = "<group>"; };
		A95E67F21F5D912C001D8B19 /* action_browser_without_notification.json */ = {isa = PBXFileReference; fileEncoding = 4; lastKnownFileType = text.json; name = action_browser_without_notification.json; path = Mocks/Json/action_browser_without_notification.json; sourceTree = "<group>"; };
		A974BE851F4B0DE700A355FD /* ModuleInterface.swift */ = {isa = PBXFileReference; fileEncoding = 4; lastKnownFileType = sourcecode.swift; name = ModuleInterface.swift; path = Interface/ModuleInterface.swift; sourceTree = "<group>"; };
		A978C5C71F45727A00F5DFFD /* Dictionary+Extension.swift */ = {isa = PBXFileReference; fileEncoding = 4; lastKnownFileType = sourcecode.swift; name = "Dictionary+Extension.swift"; path = "Common/Support/Dictionary+Extension.swift"; sourceTree = "<group>"; };
		A978C5CB1F45732B00F5DFFD /* Dictionary+ExtensionTests.swift */ = {isa = PBXFileReference; fileEncoding = 4; lastKnownFileType = sourcecode.swift; name = "Dictionary+ExtensionTests.swift"; path = "Common/Support/Dictionary+ExtensionTests.swift"; sourceTree = "<group>"; };
		A978C5D71F457AE200F5DFFD /* AuthenticationInteractorTests.swift */ = {isa = PBXFileReference; fileEncoding = 4; lastKnownFileType = sourcecode.swift; path = AuthenticationInteractorTests.swift; sourceTree = "<group>"; };
		A978C5DB1F45A43900F5DFFD /* SessionMock.swift */ = {isa = PBXFileReference; fileEncoding = 4; lastKnownFileType = sourcecode.swift; name = SessionMock.swift; path = Mocks/Model/SessionMock.swift; sourceTree = "<group>"; };
		A978C5DD1F45AF0700F5DFFD /* ConfigService.swift */ = {isa = PBXFileReference; fileEncoding = 4; lastKnownFileType = sourcecode.swift; path = ConfigService.swift; sourceTree = "<group>"; };
		A9986B261F59764E00F2CC65 /* ActionManager.swift */ = {isa = PBXFileReference; fileEncoding = 4; lastKnownFileType = sourcecode.swift; name = ActionManager.swift; path = Managers/ActionManager.swift; sourceTree = "<group>"; };
		A9986B271F59764E00F2CC65 /* PushOrxManager.swift */ = {isa = PBXFileReference; fileEncoding = 4; lastKnownFileType = sourcecode.swift; name = PushOrxManager.swift; path = Managers/PushOrxManager.swift; sourceTree = "<group>"; };
		A9986B281F59764E00F2CC65 /* TriggerManager.swift */ = {isa = PBXFileReference; fileEncoding = 4; lastKnownFileType = sourcecode.swift; name = TriggerManager.swift; path = Managers/TriggerManager.swift; sourceTree = "<group>"; };
		A9986B2C1F59766600F2CC65 /* ActionBrowserExternal.swift */ = {isa = PBXFileReference; fileEncoding = 4; lastKnownFileType = sourcecode.swift; name = ActionBrowserExternal.swift; path = Common/Model/Actions/ActionBrowserExternal.swift; sourceTree = "<group>"; };
		A9986B2E1F59767C00F2CC65 /* ActionService.swift */ = {isa = PBXFileReference; fileEncoding = 4; lastKnownFileType = sourcecode.swift; path = ActionService.swift; sourceTree = "<group>"; };
		A9986B311F5976B600F2CC65 /* LocalNotification.swift */ = {isa = PBXFileReference; fileEncoding = 4; lastKnownFileType = sourcecode.swift; path = LocalNotification.swift; sourceTree = "<group>"; };
		A9986B331F5976D200F2CC65 /* Date+Extension.swift */ = {isa = PBXFileReference; fileEncoding = 4; lastKnownFileType = sourcecode.swift; name = "Date+Extension.swift"; path = "Common/Support/Date+Extension.swift"; sourceTree = "<group>"; };
		A99885F01F5010DC00EED42E /* Wireframe.swift */ = {isa = PBXFileReference; fileEncoding = 4; lastKnownFileType = sourcecode.swift; path = Wireframe.swift; sourceTree = "<group>"; };
		A99885F41F502E1800EED42E /* ScannerOrx.storyboard */ = {isa = PBXFileReference; fileEncoding = 4; lastKnownFileType = file.storyboard; path = ScannerOrx.storyboard; sourceTree = "<group>"; };
		A99885F51F502E1800EED42E /* ScannerPresenter.swift */ = {isa = PBXFileReference; fileEncoding = 4; lastKnownFileType = sourcecode.swift; path = ScannerPresenter.swift; sourceTree = "<group>"; };
		A99885F61F502E1800EED42E /* ScannerOrxVC.swift */ = {isa = PBXFileReference; fileEncoding = 4; lastKnownFileType = sourcecode.swift; path = ScannerOrxVC.swift; sourceTree = "<group>"; };
		A99885FC1F50353D00EED42E /* Action.swift */ = {isa = PBXFileReference; fileEncoding = 4; lastKnownFileType = sourcecode.swift; name = Action.swift; path = Common/Model/Actions/Action.swift; sourceTree = "<group>"; };
		A99885FE1F50363C00EED42E /* ActionBrowser.swift */ = {isa = PBXFileReference; fileEncoding = 4; lastKnownFileType = sourcecode.swift; name = ActionBrowser.swift; path = Common/Model/Actions/ActionBrowser.swift; sourceTree = "<group>"; };
		A99886001F5037E900EED42E /* ActionDoNothing.swift */ = {isa = PBXFileReference; fileEncoding = 4; lastKnownFileType = sourcecode.swift; name = ActionDoNothing.swift; path = Common/Model/Actions/ActionDoNothing.swift; sourceTree = "<group>"; };
		A99886031F50450F00EED42E /* Trigger.swift */ = {isa = PBXFileReference; fileEncoding = 4; lastKnownFileType = sourcecode.swift; name = Trigger.swift; path = Common/Model/Triggers/Trigger.swift; sourceTree = "<group>"; };
		A99886051F5045DB00EED42E /* TriggerQR.swift */ = {isa = PBXFileReference; fileEncoding = 4; lastKnownFileType = sourcecode.swift; name = TriggerQR.swift; path = Common/Model/Triggers/TriggerQR.swift; sourceTree = "<group>"; };
		A99886071F504AB800EED42E /* TriggerBarcode.swift */ = {isa = PBXFileReference; fileEncoding = 4; lastKnownFileType = sourcecode.swift; name = TriggerBarcode.swift; path = Common/Model/Triggers/TriggerBarcode.swift; sourceTree = "<group>"; };
		A9AC21091F542E7C00095EC5 /* ActionScanner.swift */ = {isa = PBXFileReference; fileEncoding = 4; lastKnownFileType = sourcecode.swift; name = ActionScanner.swift; path = Common/Model/Actions/ActionScanner.swift; sourceTree = "<group>"; };
		A9AC21121F543D9600095EC5 /* Assets.xcassets */ = {isa = PBXFileReference; lastKnownFileType = folder.assetcatalog; path = Assets.xcassets; sourceTree = "<group>"; };
		A9AC21161F543D9600095EC5 /* de */ = {isa = PBXFileReference; lastKnownFileType = text.plist.strings; name = de; path = de.lproj/Localizable.strings; sourceTree = "<group>"; };
		A9AC21171F543D9600095EC5 /* en */ = {isa = PBXFileReference; lastKnownFileType = text.plist.strings; name = en; path = en.lproj/Localizable.strings; sourceTree = "<group>"; };
		A9AC21181F543D9600095EC5 /* es */ = {isa = PBXFileReference; lastKnownFileType = text.plist.strings; name = es; path = es.lproj/Localizable.strings; sourceTree = "<group>"; };
		A9AC21191F543D9600095EC5 /* fr */ = {isa = PBXFileReference; lastKnownFileType = text.plist.strings; name = fr; path = fr.lproj/Localizable.strings; sourceTree = "<group>"; };
		A9AC211A1F543D9600095EC5 /* hu */ = {isa = PBXFileReference; lastKnownFileType = text.plist.strings; name = hu; path = hu.lproj/Localizable.strings; sourceTree = "<group>"; };
		A9AC211B1F543D9600095EC5 /* it */ = {isa = PBXFileReference; lastKnownFileType = text.plist.strings; name = it; path = it.lproj/Localizable.strings; sourceTree = "<group>"; };
		A9AC211C1F543D9600095EC5 /* LocalizableConstants.swift */ = {isa = PBXFileReference; fileEncoding = 4; lastKnownFileType = sourcecode.swift; path = LocalizableConstants.swift; sourceTree = "<group>"; };
		A9AC211E1F543D9600095EC5 /* pl */ = {isa = PBXFileReference; lastKnownFileType = text.plist.strings; name = pl; path = pl.lproj/Localizable.strings; sourceTree = "<group>"; };
		A9AC211F1F543D9600095EC5 /* pt-br */ = {isa = PBXFileReference; lastKnownFileType = text.plist.strings; name = "pt-br"; path = "pt-br.lproj/Localizable.strings"; sourceTree = "<group>"; };
		A9AC21251F54416E00095EC5 /* Dispatch+Extension.swift */ = {isa = PBXFileReference; fileEncoding = 4; lastKnownFileType = sourcecode.swift; name = "Dispatch+Extension.swift"; path = "Common/Support/Dispatch+Extension.swift"; sourceTree = "<group>"; };
		A9AC21271F5443E600095EC5 /* PaddingLabel.swift */ = {isa = PBXFileReference; fileEncoding = 4; lastKnownFileType = sourcecode.swift; name = PaddingLabel.swift; path = Common/Support/PaddingLabel.swift; sourceTree = "<group>"; };
		A9AC212B1F554C5200095EC5 /* UIColor+Extension.swift */ = {isa = PBXFileReference; fileEncoding = 4; lastKnownFileType = sourcecode.swift; path = "UIColor+Extension.swift"; sourceTree = "<group>"; };
		A9AC212E1F5580EC00095EC5 /* ScannerTests.swift */ = {isa = PBXFileReference; fileEncoding = 4; lastKnownFileType = sourcecode.swift; name = ScannerTests.swift; path = Common/Modules/ScannerTests.swift; sourceTree = "<group>"; };
		A9C54D971F41A6F100DF2074 /* Orchextra.framework */ = {isa = PBXFileReference; explicitFileType = wrapper.framework; includeInIndex = 0; path = Orchextra.framework; sourceTree = BUILT_PRODUCTS_DIR; };
		A9C54D9A1F41A6F100DF2074 /* Orchextra.h */ = {isa = PBXFileReference; lastKnownFileType = sourcecode.c.h; path = Orchextra.h; sourceTree = "<group>"; };
		A9C54D9B1F41A6F100DF2074 /* Info.plist */ = {isa = PBXFileReference; lastKnownFileType = text.plist.xml; path = Info.plist; sourceTree = "<group>"; };
		A9C54DA01F41A6F100DF2074 /* OrchextraTests.xctest */ = {isa = PBXFileReference; explicitFileType = wrapper.cfbundle; includeInIndex = 0; path = OrchextraTests.xctest; sourceTree = BUILT_PRODUCTS_DIR; };
		A9C54DA71F41A6F100DF2074 /* Info.plist */ = {isa = PBXFileReference; lastKnownFileType = text.plist.xml; path = Info.plist; sourceTree = "<group>"; };
		A9C54DB21F41A81600DF2074 /* Cartfile */ = {isa = PBXFileReference; fileEncoding = 4; lastKnownFileType = text; path = Cartfile; sourceTree = "<group>"; };
		A9C54DB31F41A81600DF2074 /* Cartfile.private */ = {isa = PBXFileReference; fileEncoding = 4; lastKnownFileType = text; path = Cartfile.private; sourceTree = "<group>"; };
		A9C54DB61F41A81E00DF2074 /* Orchextra.swift */ = {isa = PBXFileReference; fileEncoding = 4; lastKnownFileType = sourcecode.swift; path = Orchextra.swift; sourceTree = "<group>"; };
		A9C54DB71F41A81E00DF2074 /* OrchextraWrapper.swift */ = {isa = PBXFileReference; fileEncoding = 4; lastKnownFileType = sourcecode.swift; path = OrchextraWrapper.swift; sourceTree = "<group>"; };
		A9C54DBA1F41A84300DF2074 /* GIGLibrary.framework */ = {isa = PBXFileReference; lastKnownFileType = wrapper.framework; name = GIGLibrary.framework; path = Carthage/Build/iOS/GIGLibrary.framework; sourceTree = "<group>"; };
		A9C54DBE1F41A8B400DF2074 /* Bundle+Extension.swift */ = {isa = PBXFileReference; fileEncoding = 4; lastKnownFileType = sourcecode.swift; name = "Bundle+Extension.swift"; path = "Common/Support/Bundle+Extension.swift"; sourceTree = "<group>"; };
		A9C54DC41F41A8E500DF2074 /* OrchextraApp.app */ = {isa = PBXFileReference; explicitFileType = wrapper.application; includeInIndex = 0; path = OrchextraApp.app; sourceTree = BUILT_PRODUCTS_DIR; };
		A9C54DCD1F41A8E500DF2074 /* Assets.xcassets */ = {isa = PBXFileReference; lastKnownFileType = folder.assetcatalog; path = Assets.xcassets; sourceTree = "<group>"; };
		A9C54DD01F41A8E500DF2074 /* Base */ = {isa = PBXFileReference; lastKnownFileType = file.storyboard; name = Base; path = Base.lproj/LaunchScreen.storyboard; sourceTree = "<group>"; };
		A9C54DD21F41A8E500DF2074 /* Info.plist */ = {isa = PBXFileReference; lastKnownFileType = text.plist.xml; path = Info.plist; sourceTree = "<group>"; };
		A9C54DE11F41ABE200DF2074 /* Request.swift */ = {isa = PBXFileReference; fileEncoding = 4; lastKnownFileType = sourcecode.swift; name = Request.swift; path = Common/Data/Network/Request.swift; sourceTree = "<group>"; };
		A9C54DE71F41ACA400DF2074 /* Config.swift */ = {isa = PBXFileReference; fileEncoding = 4; lastKnownFileType = sourcecode.swift; path = Config.swift; sourceTree = "<group>"; };
		A9C54DE91F41AD5000DF2074 /* Session.swift */ = {isa = PBXFileReference; fileEncoding = 4; lastKnownFileType = sourcecode.swift; path = Session.swift; sourceTree = "<group>"; };
		A9C54DEE1F41B1EC00DF2074 /* AuthenticationService.swift */ = {isa = PBXFileReference; fileEncoding = 4; lastKnownFileType = sourcecode.swift; path = AuthenticationService.swift; sourceTree = "<group>"; };
		A9C54DF11F41B22600DF2074 /* ConfigInteractor.swift */ = {isa = PBXFileReference; fileEncoding = 4; lastKnownFileType = sourcecode.swift; name = ConfigInteractor.swift; path = Common/Interactors/ConfigInteractor.swift; sourceTree = "<group>"; };
		A9C54DF31F41BD3300DF2074 /* AuthInteractor.swift */ = {isa = PBXFileReference; fileEncoding = 4; lastKnownFileType = sourcecode.swift; name = AuthInteractor.swift; path = Common/Interactors/AuthInteractor.swift; sourceTree = "<group>"; };
		A9C54DF51F44284200DF2074 /* ErrorServiceHandler.swift */ = {isa = PBXFileReference; fileEncoding = 4; lastKnownFileType = sourcecode.swift; path = ErrorServiceHandler.swift; sourceTree = "<group>"; };
		A9C54DFA1F4433D300DF2074 /* AdSupport.framework */ = {isa = PBXFileReference; lastKnownFileType = wrapper.framework; name = AdSupport.framework; path = System/Library/Frameworks/AdSupport.framework; sourceTree = SDKROOT; };
		A9C54DFE1F44684A00DF2074 /* Nimble.framework */ = {isa = PBXFileReference; lastKnownFileType = wrapper.framework; name = Nimble.framework; path = Carthage/Build/iOS/Nimble.framework; sourceTree = "<group>"; };
		A9C54DFF1F44684A00DF2074 /* Quick.framework */ = {isa = PBXFileReference; lastKnownFileType = wrapper.framework; name = Quick.framework; path = Carthage/Build/iOS/Quick.framework; sourceTree = "<group>"; };
		A9C54E031F446B0400DF2074 /* OHHTTPStubs.framework */ = {isa = PBXFileReference; lastKnownFileType = wrapper.framework; name = OHHTTPStubs.framework; path = Carthage/Build/iOS/OHHTTPStubs.framework; sourceTree = "<group>"; };
		A9C54E091F446FC000DF2074 /* StubResponse.swift */ = {isa = PBXFileReference; fileEncoding = 4; lastKnownFileType = sourcecode.swift; name = StubResponse.swift; path = Helpers/StubResponse.swift; sourceTree = "<group>"; };
		A9C6EB911F46FB12007AE036 /* Tag.swift */ = {isa = PBXFileReference; fileEncoding = 4; lastKnownFileType = sourcecode.swift; name = Tag.swift; path = Common/Model/Config/Tag.swift; sourceTree = "<group>"; };
		A9C6EB931F46FB24007AE036 /* Device.swift */ = {isa = PBXFileReference; fileEncoding = 4; lastKnownFileType = sourcecode.swift; name = Device.swift; path = Common/Model/Config/Device.swift; sourceTree = "<group>"; };
		A9C6EB951F47035D007AE036 /* BusinessUnit.swift */ = {isa = PBXFileReference; fileEncoding = 4; lastKnownFileType = sourcecode.swift; name = BusinessUnit.swift; path = Common/Model/Config/BusinessUnit.swift; sourceTree = "<group>"; };
		A9C6EB971F4703A3007AE036 /* CustomField.swift */ = {isa = PBXFileReference; fileEncoding = 4; lastKnownFileType = sourcecode.swift; name = CustomField.swift; path = Common/Model/Config/CustomField.swift; sourceTree = "<group>"; };
		A9D0FC351F56C29900596CF3 /* ScannerVCMock.swift */ = {isa = PBXFileReference; fileEncoding = 4; lastKnownFileType = sourcecode.swift; name = ScannerVCMock.swift; path = Mocks/Modules/ScannerMocks/ScannerVCMock.swift; sourceTree = "<group>"; };
		A9D0FC371F56D1F100596CF3 /* ModuleOutputMock.swift */ = {isa = PBXFileReference; fileEncoding = 4; lastKnownFileType = sourcecode.swift; name = ModuleOutputMock.swift; path = Mocks/Modules/ScannerMocks/ModuleOutputMock.swift; sourceTree = "<group>"; };
		A9D0FC3B1F57F00400596CF3 /* ActionFactoryTest.swift */ = {isa = PBXFileReference; fileEncoding = 4; lastKnownFileType = sourcecode.swift; name = ActionFactoryTest.swift; path = Common/Model/Actions/ActionFactoryTest.swift; sourceTree = "<group>"; };
		A9D0FC3D1F57F09200596CF3 /* JSONHandler.swift */ = {isa = PBXFileReference; fileEncoding = 4; lastKnownFileType = sourcecode.swift; name = JSONHandler.swift; path = Helpers/JSONHandler.swift; sourceTree = "<group>"; };
/* End PBXFileReference section */

/* Begin PBXFrameworksBuildPhase section */
		A9C54D931F41A6F100DF2074 /* Frameworks */ = {
			isa = PBXFrameworksBuildPhase;
			buildActionMask = 2147483647;
			files = (
				A9C54DFB1F4433D300DF2074 /* AdSupport.framework in Frameworks */,
				A9C54DBB1F41A84300DF2074 /* GIGLibrary.framework in Frameworks */,
			);
			runOnlyForDeploymentPostprocessing = 0;
		};
		A9C54D9D1F41A6F100DF2074 /* Frameworks */ = {
			isa = PBXFrameworksBuildPhase;
			buildActionMask = 2147483647;
			files = (
				A978C5CE1F4577D700F5DFFD /* Quick.framework in Frameworks */,
				A9C54DA11F41A6F100DF2074 /* Orchextra.framework in Frameworks */,
				A9C54E041F446B0400DF2074 /* OHHTTPStubs.framework in Frameworks */,
				A978C5CD1F4577C300F5DFFD /* Nimble.framework in Frameworks */,
				A978C5D41F45783C00F5DFFD /* GIGLibrary.framework in Frameworks */,
			);
			runOnlyForDeploymentPostprocessing = 0;
		};
		A9C54DC11F41A8E500DF2074 /* Frameworks */ = {
			isa = PBXFrameworksBuildPhase;
			buildActionMask = 2147483647;
			files = (
				8F0D4F7E1F558F9C003F3B39 /* WebKit.framework in Frameworks */,
				8FCE6FAF1F504CC80098A325 /* MapKit.framework in Frameworks */,
				A9C54DDC1F41A9F500DF2074 /* GIGLibrary.framework in Frameworks */,
				A9C54DD71F41A99700DF2074 /* Orchextra.framework in Frameworks */,
			);
			runOnlyForDeploymentPostprocessing = 0;
		};
/* End PBXFrameworksBuildPhase section */

/* Begin PBXGroup section */
		8F0961341F5C083C00FD03F4 /* Filter */ = {
			isa = PBXGroup;
			children = (
				8F0961351F5C089500FD03F4 /* FilterPresenter.swift */,
				8F0961361F5C089500FD03F4 /* FilterVC.swift */,
				8F0961371F5C089500FD03F4 /* FilterWireframe.swift */,
				8F0961381F5C089500FD03F4 /* FilterInteractor.swift */,
			);
			path = Filter;
			sourceTree = "<group>";
		};
		8F0C4B4C1F57F0A700056910 /* Resources */ = {
			isa = PBXGroup;
			children = (
				8F0C4B4D1F57F0A700056910 /* Fonts */,
			);
			path = Resources;
			sourceTree = "<group>";
		};
		8F0C4B4D1F57F0A700056910 /* Fonts */ = {
			isa = PBXGroup;
			children = (
				8FEF95EC1F58BCF9004D1BCF /* pt-sans.regular.ttf */,
				8F0C4B4E1F57F0A700056910 /* pt-sans.bold.ttf */,
			);
			path = Fonts;
			sourceTree = "<group>";
		};
		8F0C4B511F57FCB800056910 /* Common */ = {
			isa = PBXGroup;
			children = (
				8F2042401F5E73AC00782D63 /* Model */,
				8F4A27B61F5D25DD003B440D /* Wrappers */,
				8F0C4B521F57FCC700056910 /* ViewController.swift */,
			);
			path = Common;
			sourceTree = "<group>";
		};
		8F13F0DF1F5B0AC50028B1FF /* Views */ = {
			isa = PBXGroup;
			children = (
				8F13F0E01F5B0AC50028B1FF /* LogsVC.swift */,
				8F13F0E21F5B0AE00028B1FF /* LogTableViewCell.swift */,
				8F09613F1F5C613200FD03F4 /* TriggerViewModelFactory.swift */,
			);
			path = Views;
			sourceTree = "<group>";
		};
		8F2042401F5E73AC00782D63 /* Model */ = {
			isa = PBXGroup;
			children = (
				8F2042411F5E73BE00782D63 /* TriggerFired.swift */,
			);
			path = Model;
			sourceTree = "<group>";
		};
		8F20808C1F4EA56900C328DC /* Global */ = {
			isa = PBXGroup;
			children = (
				8F20808D1F4EA56900C328DC /* Config */,
			);
			path = Global;
			sourceTree = "<group>";
		};
		8F20808D1F4EA56900C328DC /* Config */ = {
			isa = PBXGroup;
			children = (
				8F20808E1F4EA59600C328DC /* Constants.swift */,
				A9AC212B1F554C5200095EC5 /* UIColor+Extension.swift */,
			);
			path = Config;
			sourceTree = "<group>";
		};
		8F2080901F4EAA8800C328DC /* Triggering */ = {
			isa = PBXGroup;
			children = (
				8F2080A21F4EE1FA00C328DC /* Geofences */,
				8F2080A31F4EE1FA00C328DC /* Logs */,
				8F2080A41F4EE1FA00C328DC /* Scanner */,
				8F2080A01F4EAD3A00C328DC /* Triggering.storyboard */,
				8F2080941F4EAAAB00C328DC /* TriggeringInteractor.swift */,
				8F2080911F4EAAAB00C328DC /* TriggeringPresenter.swift */,
				8F2080921F4EAAAB00C328DC /* TriggeringVC.swift */,
				8F2080931F4EAAAB00C328DC /* TriggeringWireframe.swift */,
			);
			path = Triggering;
			sourceTree = "<group>";
		};
		8F2080A21F4EE1FA00C328DC /* Geofences */ = {
			isa = PBXGroup;
			children = (
				8FCE6FB11F504F070098A325 /* View */,
				8F2080A51F4EE28000C328DC /* GeofencesPresenter.swift */,
				8F2080A71F4EE28000C328DC /* GeofencesWireframe.swift */,
			);
			path = Geofences;
			sourceTree = "<group>";
		};
		8F2080A31F4EE1FA00C328DC /* Logs */ = {
			isa = PBXGroup;
			children = (
				8F0961341F5C083C00FD03F4 /* Filter */,
				8F13F0DF1F5B0AC50028B1FF /* Views */,
				8F2080AB1F4EE29000C328DC /* LogsPresenter.swift */,
				8F2080AD1F4EE29000C328DC /* LogsWireframe.swift */,
				8F0961321F5BFFA900FD03F4 /* LogsInteractor.swift */,
				8F4A27B21F5D2419003B440D /* TriggersManager.swift */,
			);
			path = Logs;
			sourceTree = "<group>";
		};
		8F2080A41F4EE1FA00C328DC /* Scanner */ = {
			isa = PBXGroup;
			children = (
				8F2080B11F4EE2A200C328DC /* ScannerPresenter.swift */,
				8F2080B21F4EE2A200C328DC /* ScannerVC.swift */,
				8F2080B31F4EE2A200C328DC /* ScannerWireframe.swift */,
				8F2080B71F4EFE8000C328DC /* ScannerInteractor.swift */,
			);
			path = Scanner;
			sourceTree = "<group>";
		};
		8F4A27B61F5D25DD003B440D /* Wrappers */ = {
			isa = PBXGroup;
			children = (
				8F4A27B71F5D25DD003B440D /* OrchextraWrapper.swift */,
			);
			path = Wrappers;
			sourceTree = "<group>";
		};
		8F689D1A1F54348D002046FE /* Controllers */ = {
			isa = PBXGroup;
			children = (
				8F689D1B1F54348D002046FE /* WebView */,
			);
			name = Controllers;
			path = Common/Controllers;
			sourceTree = "<group>";
		};
		8F689D1B1F54348D002046FE /* WebView */ = {
			isa = PBXGroup;
			children = (
				8F689D1D1F5434C6002046FE /* WebPresenter.swift */,
				8F689D1C1F5434C6002046FE /* WebVC.swift */,
				8F689D221F544364002046FE /* WebView.storyboard */,
			);
			path = WebView;
			sourceTree = "<group>";
		};
		8F7F58DA1F4D81FB00271FC7 /* App */ = {
			isa = PBXGroup;
			children = (
				8F7F58DB1F4D81FB00271FC7 /* AppDelegate.swift */,
				8F7F58DD1F4D822000271FC7 /* AppWireframe.swift */,
				8F7F58F01F4D87D800271FC7 /* AppController.swift */,
			);
			path = App;
			sourceTree = "<group>";
		};
		8F7F58E71F4D84BD00271FC7 /* Settings */ = {
			isa = PBXGroup;
			children = (
				8F20809C1F4EACF300C328DC /* Settings.storyboard */,
				8F7F58E81F4D84BD00271FC7 /* SettingsInteractor.swift */,
				8F7F58E91F4D84BD00271FC7 /* SettingsPresenter.swift */,
				8F7F58EA1F4D84BD00271FC7 /* SettingsVC.swift */,
				8F7F58EB1F4D84BD00271FC7 /* SettingsWireframe.swift */,
			);
			path = Settings;
			sourceTree = "<group>";
		};
		8FCE6FB01F504CE40098A325 /* System */ = {
			isa = PBXGroup;
			children = (
				8FCE6FAE1F504CC80098A325 /* MapKit.framework */,
			);
			name = System;
			sourceTree = "<group>";
		};
		8FCE6FB11F504F070098A325 /* View */ = {
			isa = PBXGroup;
			children = (
				8FCE6FB21F504F070098A325 /* GeofencesVC.swift */,
				8FCE6FB41F504F480098A325 /* RegionAnnotation.swift */,
			);
			path = View;
			sourceTree = "<group>";
		};
		8FD275A01F4C4E3F00ADAB58 /* Sections */ = {
			isa = PBXGroup;
			children = (
				8F2080901F4EAA8800C328DC /* Triggering */,
				8FD275A11F4C4E3F00ADAB58 /* Home */,
				8F7F58E71F4D84BD00271FC7 /* Settings */,
			);
			path = Sections;
			sourceTree = "<group>";
		};
		8FD275A11F4C4E3F00ADAB58 /* Home */ = {
			isa = PBXGroup;
			children = (
				8F20809E1F4EAD2C00C328DC /* Home.storyboard */,
				8F5F7A161F4C60E700E62E57 /* HomeInteractor.swift */,
				8F5F7A131F4C60E700E62E57 /* HomePresenter.swift */,
				8F5F7A141F4C60E700E62E57 /* HomeVC.swift */,
				8F5F7A151F4C60E700E62E57 /* HomeWireframe.swift */,
			);
			path = Home;
			sourceTree = "<group>";
		};
		A94580D11F50981B0039A70D /* Manager */ = {
			isa = PBXGroup;
			children = (
				A9986B261F59764E00F2CC65 /* ActionManager.swift */,
				A9986B271F59764E00F2CC65 /* PushOrxManager.swift */,
				A9986B281F59764E00F2CC65 /* TriggerManager.swift */,
			);
			name = Manager;
			sourceTree = "<group>";
		};
		A95E67D81F5D50B3001D8B19 /* Manager */ = {
			isa = PBXGroup;
			children = (
				A95E67D91F5D50CD001D8B19 /* TriggerManagerTests.swift */,
			);
			name = Manager;
			sourceTree = "<group>";
		};
		A95E67DD1F5D5AFA001D8B19 /* Trigger */ = {
			isa = PBXGroup;
			children = (
				A95E67DE1F5D5AFA001D8B19 /* TriggerFactoryTests.swift */,
			);
			name = Trigger;
			path = Common/Model/Trigger;
			sourceTree = "<group>";
		};
		A95E67E41F5D719C001D8B19 /* Services */ = {
			isa = PBXGroup;
			children = (
				A95E67E51F5D71BE001D8B19 /* ActionServicesMock.swift */,
			);
			name = Services;
			sourceTree = "<group>";
		};
		A95E67E71F5D72E8001D8B19 /* Notification */ = {
			isa = PBXGroup;
			children = (
				A95E67E81F5D730D001D8B19 /* PushOrxManagerMock.swift */,
			);
			name = Notification;
			sourceTree = "<group>";
		};
		A974BE7A1F4B080100A355FD /* Modules */ = {
			isa = PBXGroup;
			children = (
				A99885F01F5010DC00EED42E /* Wireframe.swift */,
				A94580D11F50981B0039A70D /* Manager */,
				A9986B301F5976B600F2CC65 /* Notification */,
				A974BE841F4B0DBF00A355FD /* Interface */,
				A974BE7B1F4B080100A355FD /* Scanner */,
			);
			path = Modules;
			sourceTree = "<group>";
		};
		A974BE7B1F4B080100A355FD /* Scanner */ = {
			isa = PBXGroup;
			children = (
				A99885F61F502E1800EED42E /* ScannerOrxVC.swift */,
				A99885F51F502E1800EED42E /* ScannerPresenter.swift */,
				A99885F41F502E1800EED42E /* ScannerOrx.storyboard */,
			);
			path = Scanner;
			sourceTree = "<group>";
		};
		A974BE841F4B0DBF00A355FD /* Interface */ = {
			isa = PBXGroup;
			children = (
				A974BE851F4B0DE700A355FD /* ModuleInterface.swift */,
			);
			name = Interface;
			sourceTree = "<group>";
		};
		A978C5C91F4572F300F5DFFD /* Common */ = {
			isa = PBXGroup;
			children = (
				A9D0FC391F57EFBE00596CF3 /* Model */,
				A978C5D61F457AD400F5DFFD /* Interactor */,
				A978C5CA1F4572FF00F5DFFD /* Support */,
			);
			name = Common;
			sourceTree = "<group>";
		};
		A978C5CA1F4572FF00F5DFFD /* Support */ = {
			isa = PBXGroup;
			children = (
				A978C5CB1F45732B00F5DFFD /* Dictionary+ExtensionTests.swift */,
			);
			name = Support;
			sourceTree = "<group>";
		};
		A978C5D61F457AD400F5DFFD /* Interactor */ = {
			isa = PBXGroup;
			children = (
				A978C5D71F457AE200F5DFFD /* AuthenticationInteractorTests.swift */,
			);
			name = Interactor;
			path = Common/Interactor;
			sourceTree = "<group>";
		};
		A978C5D91F45A40F00F5DFFD /* Mocks */ = {
			isa = PBXGroup;
			children = (
				A95E67E41F5D719C001D8B19 /* Services */,
				A9D0FC331F56C1E700596CF3 /* Modules */,
				A978C5DA1F45A41F00F5DFFD /* Model */,
				A9C54E051F446E1B00DF2074 /* Json */,
			);
			name = Mocks;
			sourceTree = "<group>";
		};
		A978C5DA1F45A41F00F5DFFD /* Model */ = {
			isa = PBXGroup;
			children = (
				A978C5DB1F45A43900F5DFFD /* SessionMock.swift */,
			);
			name = Model;
			sourceTree = "<group>";
		};
		A9986B301F5976B600F2CC65 /* Notification */ = {
			isa = PBXGroup;
			children = (
				A9986B311F5976B600F2CC65 /* LocalNotification.swift */,
			);
			path = Notification;
			sourceTree = "<group>";
		};
		A99885FB1F50352200EED42E /* Actions */ = {
			isa = PBXGroup;
			children = (
				A99885FC1F50353D00EED42E /* Action.swift */,
				A9986B2C1F59766600F2CC65 /* ActionBrowserExternal.swift */,
				A99885FE1F50363C00EED42E /* ActionBrowser.swift */,
				A99886001F5037E900EED42E /* ActionDoNothing.swift */,
				A9AC21091F542E7C00095EC5 /* ActionScanner.swift */,
				8FFD3D921F5698F5000A1056 /* ActionWebView.swift */,
			);
			name = Actions;
			sourceTree = "<group>";
		};
		A99886021F5044F300EED42E /* Triggers */ = {
			isa = PBXGroup;
			children = (
				A99886031F50450F00EED42E /* Trigger.swift */,
				A99886051F5045DB00EED42E /* TriggerQR.swift */,
				A99886071F504AB800EED42E /* TriggerBarcode.swift */,
			);
			name = Triggers;
			sourceTree = "<group>";
		};
		A9AC21111F543D9600095EC5 /* Resources */ = {
			isa = PBXGroup;
			children = (
				A9AC21121F543D9600095EC5 /* Assets.xcassets */,
				A9AC21131F543D9600095EC5 /* Localizables */,
			);
			path = Resources;
			sourceTree = "<group>";
		};
		A9AC21131F543D9600095EC5 /* Localizables */ = {
			isa = PBXGroup;
			children = (
				A9AC21151F543D9600095EC5 /* Localizable.strings */,
				A9AC211C1F543D9600095EC5 /* LocalizableConstants.swift */,
			);
			path = Localizables;
			sourceTree = "<group>";
		};
		A9AC212D1F5580C000095EC5 /* Modules */ = {
			isa = PBXGroup;
			children = (
				A95E67D81F5D50B3001D8B19 /* Manager */,
				A9AC212E1F5580EC00095EC5 /* ScannerTests.swift */,
			);
			name = Modules;
			sourceTree = "<group>";
		};
		A9C54D8D1F41A6F100DF2074 = {
			isa = PBXGroup;
			children = (
				A9C54D991F41A6F100DF2074 /* Orchextra */,
				A9C54DA41F41A6F100DF2074 /* OrchextraTests */,
				A9C54DC51F41A8E500DF2074 /* OrchextraApp */,
				A9C54D981F41A6F100DF2074 /* Products */,
				A9C54DB11F41A80500DF2074 /* Frameworks */,
			);
			sourceTree = "<group>";
		};
		A9C54D981F41A6F100DF2074 /* Products */ = {
			isa = PBXGroup;
			children = (
				A9C54D971F41A6F100DF2074 /* Orchextra.framework */,
				A9C54DA01F41A6F100DF2074 /* OrchextraTests.xctest */,
				A9C54DC41F41A8E500DF2074 /* OrchextraApp.app */,
			);
			name = Products;
			sourceTree = "<group>";
		};
		A9C54D991F41A6F100DF2074 /* Orchextra */ = {
			isa = PBXGroup;
			children = (
				A9C54D9A1F41A6F100DF2074 /* Orchextra.h */,
				A9C54DB61F41A81E00DF2074 /* Orchextra.swift */,
				A9C54DB71F41A81E00DF2074 /* OrchextraWrapper.swift */,
				A9C54DE51F41ACA400DF2074 /* Global */,
				A9C54DBC1F41A89700DF2074 /* Common */,
				A974BE7A1F4B080100A355FD /* Modules */,
				A9AC21111F543D9600095EC5 /* Resources */,
				A9C54D9B1F41A6F100DF2074 /* Info.plist */,
			);
			path = Orchextra;
			sourceTree = "<group>";
		};
		A9C54DA41F41A6F100DF2074 /* OrchextraTests */ = {
			isa = PBXGroup;
			children = (
				A9AC212D1F5580C000095EC5 /* Modules */,
				A978C5C91F4572F300F5DFFD /* Common */,
				A9C54E081F446FAC00DF2074 /* Helpers */,
				A978C5D91F45A40F00F5DFFD /* Mocks */,
				A9C54DA71F41A6F100DF2074 /* Info.plist */,
			);
			path = OrchextraTests;
			sourceTree = "<group>";
		};
		A9C54DB11F41A80500DF2074 /* Frameworks */ = {
			isa = PBXGroup;
			children = (
				8FCE6FB01F504CE40098A325 /* System */,
				A9C54DFD1F4433E500DF2074 /* External */,
				A9C54DFC1F4433DB00DF2074 /* Internal */,
				A9C54DB21F41A81600DF2074 /* Cartfile */,
				A9C54DB31F41A81600DF2074 /* Cartfile.private */,
			);
			name = Frameworks;
			sourceTree = "<group>";
		};
		A9C54DBC1F41A89700DF2074 /* Common */ = {
			isa = PBXGroup;
			children = (
				8F689D1A1F54348D002046FE /* Controllers */,
				A9C54DF01F41B1F800DF2074 /* Interactors */,
				A9C54DDE1F41ABAB00DF2074 /* Data */,
				A9C54DF71F44318E00DF2074 /* Model */,
				A9C54DBD1F41A89B00DF2074 /* Support */,
			);
			name = Common;
			sourceTree = "<group>";
		};
		A9C54DBD1F41A89B00DF2074 /* Support */ = {
			isa = PBXGroup;
			children = (
				A9986B331F5976D200F2CC65 /* Date+Extension.swift */,
				A9C54DBE1F41A8B400DF2074 /* Bundle+Extension.swift */,
				A978C5C71F45727A00F5DFFD /* Dictionary+Extension.swift */,
				A9AC21251F54416E00095EC5 /* Dispatch+Extension.swift */,
				A9AC21271F5443E600095EC5 /* PaddingLabel.swift */,
			);
			name = Support;
			sourceTree = "<group>";
		};
		A9C54DC51F41A8E500DF2074 /* OrchextraApp */ = {
			isa = PBXGroup;
			children = (
				8F0C4B511F57FCB800056910 /* Common */,
				8F20808C1F4EA56900C328DC /* Global */,
				8F7F58DA1F4D81FB00271FC7 /* App */,
				8FD275A01F4C4E3F00ADAB58 /* Sections */,
				A9C54DCD1F41A8E500DF2074 /* Assets.xcassets */,
				8F0C4B4C1F57F0A700056910 /* Resources */,
				A9C54DCF1F41A8E500DF2074 /* LaunchScreen.storyboard */,
				A9C54DD21F41A8E500DF2074 /* Info.plist */,
			);
			path = OrchextraApp;
			sourceTree = "<group>";
		};
		A9C54DDE1F41ABAB00DF2074 /* Data */ = {
			isa = PBXGroup;
			children = (
				A9C54DED1F41B1EC00DF2074 /* Services */,
				A9C54DE01F41ABCC00DF2074 /* Network */,
			);
			name = Data;
			sourceTree = "<group>";
		};
		A9C54DE01F41ABCC00DF2074 /* Network */ = {
			isa = PBXGroup;
			children = (
				A9C54DE11F41ABE200DF2074 /* Request.swift */,
			);
			name = Network;
			sourceTree = "<group>";
		};
		A9C54DE51F41ACA400DF2074 /* Global */ = {
			isa = PBXGroup;
			children = (
				A9C54DE61F41ACA400DF2074 /* Config */,
			);
			path = Global;
			sourceTree = "<group>";
		};
		A9C54DE61F41ACA400DF2074 /* Config */ = {
			isa = PBXGroup;
			children = (
				A9C54DE71F41ACA400DF2074 /* Config.swift */,
				A9C54DE91F41AD5000DF2074 /* Session.swift */,
			);
			path = Config;
			sourceTree = "<group>";
		};
		A9C54DED1F41B1EC00DF2074 /* Services */ = {
			isa = PBXGroup;
			children = (
				A9986B2E1F59767C00F2CC65 /* ActionService.swift */,
				A9C54DF51F44284200DF2074 /* ErrorServiceHandler.swift */,
				A9C54DEE1F41B1EC00DF2074 /* AuthenticationService.swift */,
				A978C5DD1F45AF0700F5DFFD /* ConfigService.swift */,
				A90755871F4ABEDF0053868E /* TriggerService.swift */,
			);
			name = Services;
			path = Common/Data/Services;
			sourceTree = "<group>";
		};
		A9C54DF01F41B1F800DF2074 /* Interactors */ = {
			isa = PBXGroup;
			children = (
				A9C54DF11F41B22600DF2074 /* ConfigInteractor.swift */,
				A9C54DF31F41BD3300DF2074 /* AuthInteractor.swift */,
				A90755891F4AC1700053868E /* TriggerInteractor.swift */,
			);
			name = Interactors;
			sourceTree = "<group>";
		};
		A9C54DF71F44318E00DF2074 /* Model */ = {
			isa = PBXGroup;
			children = (
				A99886021F5044F300EED42E /* Triggers */,
				A99885FB1F50352200EED42E /* Actions */,
				A9C6EB901F46FAF3007AE036 /* Config */,
			);
			name = Model;
			sourceTree = "<group>";
		};
		A9C54DFC1F4433DB00DF2074 /* Internal */ = {
			isa = PBXGroup;
			children = (
				A9C54DBA1F41A84300DF2074 /* GIGLibrary.framework */,
				A9C54DFA1F4433D300DF2074 /* AdSupport.framework */,
			);
			name = Internal;
			sourceTree = "<group>";
		};
		A9C54DFD1F4433E500DF2074 /* External */ = {
			isa = PBXGroup;
			children = (
				A9C54E031F446B0400DF2074 /* OHHTTPStubs.framework */,
				A9C54DFE1F44684A00DF2074 /* Nimble.framework */,
				A9C54DFF1F44684A00DF2074 /* Quick.framework */,
			);
			name = External;
			sourceTree = "<group>";
		};
		A9C54E051F446E1B00DF2074 /* Json */ = {
			isa = PBXGroup;
			children = (
				8FFD3D981F569E77000A1056 /* action_external_browser_notification.json */,
				8FFD3D881F569525000A1056 /* action_browser_notification.json */,
				8FFD3D891F569525000A1056 /* action_scanner_notification.json */,
				8FFD3D8A1F569525000A1056 /* action_webview_notification.json */,
				8FFD3D8B1F569525000A1056 /* accesstoken_fail_credential.json */,
				8FFD3D8C1F569525000A1056 /* accesstoken_ok.json */,
				A95E67EA1F5D84D2001D8B19 /* action_scanner_without_schedule.json */,
				A95E67EC1F5D850E001D8B19 /* action_scanner_without_notification.json */,
				A95E67F01F5D8FFA001D8B19 /* action_webview_without_notification.json */,
				A95E67F21F5D912C001D8B19 /* action_browser_without_notification.json */,
			);
			name = Json;
			sourceTree = "<group>";
		};
		A9C54E081F446FAC00DF2074 /* Helpers */ = {
			isa = PBXGroup;
			children = (
				A9C54E091F446FC000DF2074 /* StubResponse.swift */,
				A9D0FC3D1F57F09200596CF3 /* JSONHandler.swift */,
			);
			name = Helpers;
			sourceTree = "<group>";
		};
		A9C6EB901F46FAF3007AE036 /* Config */ = {
			isa = PBXGroup;
			children = (
				A9C6EB931F46FB24007AE036 /* Device.swift */,
				A9C6EB911F46FB12007AE036 /* Tag.swift */,
				A9C6EB951F47035D007AE036 /* BusinessUnit.swift */,
				A9C6EB971F4703A3007AE036 /* CustomField.swift */,
			);
			name = Config;
			sourceTree = "<group>";
		};
		A9D0FC331F56C1E700596CF3 /* Modules */ = {
			isa = PBXGroup;
			children = (
				A95E67E71F5D72E8001D8B19 /* Notification */,
				A9D0FC341F56C1FC00596CF3 /* ScannerMocks */,
			);
			name = Modules;
			sourceTree = "<group>";
		};
		A9D0FC341F56C1FC00596CF3 /* ScannerMocks */ = {
			isa = PBXGroup;
			children = (
				A9D0FC351F56C29900596CF3 /* ScannerVCMock.swift */,
				A9D0FC371F56D1F100596CF3 /* ModuleOutputMock.swift */,
				A95E67E01F5D690C001D8B19 /* ModuleInputMock.swift */,
			);
			name = ScannerMocks;
			sourceTree = "<group>";
		};
		A9D0FC391F57EFBE00596CF3 /* Model */ = {
			isa = PBXGroup;
			children = (
				A95E67DD1F5D5AFA001D8B19 /* Trigger */,
				A9D0FC3A1F57EFD100596CF3 /* Actions */,
			);
			name = Model;
			sourceTree = "<group>";
		};
		A9D0FC3A1F57EFD100596CF3 /* Actions */ = {
			isa = PBXGroup;
			children = (
				A9D0FC3B1F57F00400596CF3 /* ActionFactoryTest.swift */,
			);
			name = Actions;
			sourceTree = "<group>";
		};
/* End PBXGroup section */

/* Begin PBXHeadersBuildPhase section */
		A9C54D941F41A6F100DF2074 /* Headers */ = {
			isa = PBXHeadersBuildPhase;
			buildActionMask = 2147483647;
			files = (
				A9C54DA81F41A6F100DF2074 /* Orchextra.h in Headers */,
			);
			runOnlyForDeploymentPostprocessing = 0;
		};
/* End PBXHeadersBuildPhase section */

/* Begin PBXNativeTarget section */
		A9C54D961F41A6F100DF2074 /* Orchextra */ = {
			isa = PBXNativeTarget;
			buildConfigurationList = A9C54DAB1F41A6F100DF2074 /* Build configuration list for PBXNativeTarget "Orchextra" */;
			buildPhases = (
				A9C54D921F41A6F100DF2074 /* Sources */,
				A9C54D931F41A6F100DF2074 /* Frameworks */,
				A9C54D941F41A6F100DF2074 /* Headers */,
				A9C54D951F41A6F100DF2074 /* Resources */,
			);
			buildRules = (
			);
			dependencies = (
			);
			name = Orchextra;
			productName = Orchextra;
			productReference = A9C54D971F41A6F100DF2074 /* Orchextra.framework */;
			productType = "com.apple.product-type.framework";
		};
		A9C54D9F1F41A6F100DF2074 /* OrchextraTests */ = {
			isa = PBXNativeTarget;
			buildConfigurationList = A9C54DAE1F41A6F100DF2074 /* Build configuration list for PBXNativeTarget "OrchextraTests" */;
			buildPhases = (
				A9C54D9C1F41A6F100DF2074 /* Sources */,
				A9C54D9D1F41A6F100DF2074 /* Frameworks */,
				A9C54D9E1F41A6F100DF2074 /* Resources */,
				A978C5CF1F4577FF00F5DFFD /* CopyFiles */,
			);
			buildRules = (
			);
			dependencies = (
				A9C54DA31F41A6F100DF2074 /* PBXTargetDependency */,
				A95E67E31F5D6DF2001D8B19 /* PBXTargetDependency */,
			);
			name = OrchextraTests;
			productName = OrchextraTests;
			productReference = A9C54DA01F41A6F100DF2074 /* OrchextraTests.xctest */;
			productType = "com.apple.product-type.bundle.unit-test";
		};
		A9C54DC31F41A8E500DF2074 /* OrchextraApp */ = {
			isa = PBXNativeTarget;
			buildConfigurationList = A9C54DD31F41A8E500DF2074 /* Build configuration list for PBXNativeTarget "OrchextraApp" */;
			buildPhases = (
				A9C54DC01F41A8E500DF2074 /* Sources */,
				A9C54DC11F41A8E500DF2074 /* Frameworks */,
				A9C54DC21F41A8E500DF2074 /* Resources */,
				A9C54DDB1F41A99700DF2074 /* Embed Frameworks */,
			);
			buildRules = (
			);
			dependencies = (
				A9C54DDA1F41A99700DF2074 /* PBXTargetDependency */,
			);
			name = OrchextraApp;
			productName = OrchextraApp;
			productReference = A9C54DC41F41A8E500DF2074 /* OrchextraApp.app */;
			productType = "com.apple.product-type.application";
		};
/* End PBXNativeTarget section */

/* Begin PBXProject section */
		A9C54D8E1F41A6F100DF2074 /* Project object */ = {
			isa = PBXProject;
			attributes = {
				LastSwiftUpdateCheck = 0830;
				LastUpgradeCheck = 0830;
				ORGANIZATIONNAME = "Gigigo Mobile Services S.L.";
				TargetAttributes = {
					A9C54D961F41A6F100DF2074 = {
						CreatedOnToolsVersion = 8.3.3;
						DevelopmentTeam = SU5BA5HAQK;
						LastSwiftMigration = 0830;
						ProvisioningStyle = Automatic;
					};
					A9C54D9F1F41A6F100DF2074 = {
						CreatedOnToolsVersion = 8.3.3;
						DevelopmentTeam = SU5BA5HAQK;
						ProvisioningStyle = Automatic;
						TestTargetID = A9C54DC31F41A8E500DF2074;
					};
					A9C54DC31F41A8E500DF2074 = {
						CreatedOnToolsVersion = 8.3.3;
						DevelopmentTeam = SU5BA5HAQK;
						ProvisioningStyle = Manual;
					};
				};
			};
			buildConfigurationList = A9C54D911F41A6F100DF2074 /* Build configuration list for PBXProject "Orchextra" */;
			compatibilityVersion = "Xcode 3.2";
			developmentRegion = English;
			hasScannedForEncodings = 0;
			knownRegions = (
				en,
				Base,
				de,
				es,
				fr,
				hu,
				it,
				pl,
				"pt-br",
			);
			mainGroup = A9C54D8D1F41A6F100DF2074;
			productRefGroup = A9C54D981F41A6F100DF2074 /* Products */;
			projectDirPath = "";
			projectRoot = "";
			targets = (
				A9C54D961F41A6F100DF2074 /* Orchextra */,
				A9C54D9F1F41A6F100DF2074 /* OrchextraTests */,
				A9C54DC31F41A8E500DF2074 /* OrchextraApp */,
			);
		};
/* End PBXProject section */

/* Begin PBXResourcesBuildPhase section */
		A9C54D951F41A6F100DF2074 /* Resources */ = {
			isa = PBXResourcesBuildPhase;
			buildActionMask = 2147483647;
			files = (
				8FAB227E1F56C2A3005A6A91 /* Assets.xcassets in Resources */,
				A9C54DB41F41A81600DF2074 /* Cartfile in Resources */,
				A9AC21221F543D9600095EC5 /* Localizable.strings in Resources */,
				A9C54DB51F41A81600DF2074 /* Cartfile.private in Resources */,
				8F689D231F544364002046FE /* WebView.storyboard in Resources */,
				A99885F81F502E1800EED42E /* ScannerOrx.storyboard in Resources */,
			);
			runOnlyForDeploymentPostprocessing = 0;
		};
		A9C54D9E1F41A6F100DF2074 /* Resources */ = {
			isa = PBXResourcesBuildPhase;
			buildActionMask = 2147483647;
			files = (
				A95E67ED1F5D850E001D8B19 /* action_scanner_without_notification.json in Resources */,
				A95E67EB1F5D84D2001D8B19 /* action_scanner_without_schedule.json in Resources */,
				A95E67F11F5D8FFA001D8B19 /* action_webview_without_notification.json in Resources */,
				8FFD3D901F569525000A1056 /* accesstoken_fail_credential.json in Resources */,
				8FFD3D8F1F569525000A1056 /* action_webview_notification.json in Resources */,
				8FFD3D911F569525000A1056 /* accesstoken_ok.json in Resources */,
				A95E67F31F5D912C001D8B19 /* action_browser_without_notification.json in Resources */,
				8FFD3D8E1F569525000A1056 /* action_scanner_notification.json in Resources */,
				8FFD3D991F569E77000A1056 /* action_external_browser_notification.json in Resources */,
				8FFD3D8D1F569525000A1056 /* action_browser_notification.json in Resources */,
			);
			runOnlyForDeploymentPostprocessing = 0;
		};
		A9C54DC21F41A8E500DF2074 /* Resources */ = {
			isa = PBXResourcesBuildPhase;
			buildActionMask = 2147483647;
			files = (
				8FAB227D1F56C22A005A6A91 /* Assets.xcassets in Resources */,
				8F2080A11F4EAD3A00C328DC /* Triggering.storyboard in Resources */,
				8FEF95ED1F58BCF9004D1BCF /* pt-sans.regular.ttf in Resources */,
				A9C54DD11F41A8E500DF2074 /* LaunchScreen.storyboard in Resources */,
				8F0C4B4F1F57F0A700056910 /* pt-sans.bold.ttf in Resources */,
				8F20809D1F4EACF300C328DC /* Settings.storyboard in Resources */,
				8F20809F1F4EAD2C00C328DC /* Home.storyboard in Resources */,
			);
			runOnlyForDeploymentPostprocessing = 0;
		};
/* End PBXResourcesBuildPhase section */

/* Begin PBXSourcesBuildPhase section */
		A9C54D921F41A6F100DF2074 /* Sources */ = {
			isa = PBXSourcesBuildPhase;
			buildActionMask = 2147483647;
			files = (
				A9986B2A1F59764E00F2CC65 /* PushOrxManager.swift in Sources */,
				A9C54DF61F44284200DF2074 /* ErrorServiceHandler.swift in Sources */,
				A9986B2D1F59766600F2CC65 /* ActionBrowserExternal.swift in Sources */,
				A9C54DB91F41A81E00DF2074 /* OrchextraWrapper.swift in Sources */,
				8F689D1F1F5434C6002046FE /* WebPresenter.swift in Sources */,
				A99886011F5037E900EED42E /* ActionDoNothing.swift in Sources */,
				A9AC21261F54416E00095EC5 /* Dispatch+Extension.swift in Sources */,
				A99886041F50450F00EED42E /* Trigger.swift in Sources */,
				A9986B2F1F59767C00F2CC65 /* ActionService.swift in Sources */,
				A99885F91F502E1800EED42E /* ScannerPresenter.swift in Sources */,
				A974BE861F4B0DE700A355FD /* ModuleInterface.swift in Sources */,
				A978C5DE1F45AF0700F5DFFD /* ConfigService.swift in Sources */,
				A9C54DE21F41ABE200DF2074 /* Request.swift in Sources */,
				A99886061F5045DB00EED42E /* TriggerQR.swift in Sources */,
				A9C6EB961F47035D007AE036 /* BusinessUnit.swift in Sources */,
				A9C54DEA1F41AD5000DF2074 /* Session.swift in Sources */,
				A9C6EB941F46FB24007AE036 /* Device.swift in Sources */,
				A9AC210A1F542E7C00095EC5 /* ActionScanner.swift in Sources */,
				A99885F21F5010DC00EED42E /* Wireframe.swift in Sources */,
				A99885FF1F50363C00EED42E /* ActionBrowser.swift in Sources */,
				A9C54DF21F41B22600DF2074 /* ConfigInteractor.swift in Sources */,
				A9C54DE81F41ACA400DF2074 /* Config.swift in Sources */,
				A9C54DF41F41BD3300DF2074 /* AuthInteractor.swift in Sources */,
				A9C54DB81F41A81E00DF2074 /* Orchextra.swift in Sources */,
				A9986B291F59764E00F2CC65 /* ActionManager.swift in Sources */,
				A9AC21231F543D9600095EC5 /* LocalizableConstants.swift in Sources */,
				A9986B341F5976D200F2CC65 /* Date+Extension.swift in Sources */,
				8FFD3D931F5698F5000A1056 /* ActionWebView.swift in Sources */,
				A9C6EB981F4703A3007AE036 /* CustomField.swift in Sources */,
				A9C6EB921F46FB12007AE036 /* Tag.swift in Sources */,
				A907558A1F4AC1700053868E /* TriggerInteractor.swift in Sources */,
				A99885FD1F50353D00EED42E /* Action.swift in Sources */,
				A9986B321F5976B600F2CC65 /* LocalNotification.swift in Sources */,
				A9AC21281F5443E600095EC5 /* PaddingLabel.swift in Sources */,
				A90755881F4ABEDF0053868E /* TriggerService.swift in Sources */,
				A9C54DBF1F41A8B400DF2074 /* Bundle+Extension.swift in Sources */,
				A99886081F504AB800EED42E /* TriggerBarcode.swift in Sources */,
				A9C54DEF1F41B1EC00DF2074 /* AuthenticationService.swift in Sources */,
				A99885FA1F502E1800EED42E /* ScannerOrxVC.swift in Sources */,
				8F689D1E1F5434C6002046FE /* WebVC.swift in Sources */,
				A9986B2B1F59764E00F2CC65 /* TriggerManager.swift in Sources */,
				A978C5C81F45727A00F5DFFD /* Dictionary+Extension.swift in Sources */,
			);
			runOnlyForDeploymentPostprocessing = 0;
		};
		A9C54D9C1F41A6F100DF2074 /* Sources */ = {
			isa = PBXSourcesBuildPhase;
			buildActionMask = 2147483647;
			files = (
				A978C5CC1F45732B00F5DFFD /* Dictionary+ExtensionTests.swift in Sources */,
				A9AC212F1F5580EC00095EC5 /* ScannerTests.swift in Sources */,
				A9C54E0A1F446FC000DF2074 /* StubResponse.swift in Sources */,
				A978C5DC1F45A43900F5DFFD /* SessionMock.swift in Sources */,
				A9D0FC3E1F57F09200596CF3 /* JSONHandler.swift in Sources */,
				A9D0FC3C1F57F00400596CF3 /* ActionFactoryTest.swift in Sources */,
				A95E67DF1F5D5AFA001D8B19 /* TriggerFactoryTests.swift in Sources */,
				A95E67E91F5D730D001D8B19 /* PushOrxManagerMock.swift in Sources */,
				A978C5D81F457AE200F5DFFD /* AuthenticationInteractorTests.swift in Sources */,
				A95E67E11F5D690C001D8B19 /* ModuleInputMock.swift in Sources */,
				A95E67DA1F5D50CD001D8B19 /* TriggerManagerTests.swift in Sources */,
				A9D0FC381F56D1F100596CF3 /* ModuleOutputMock.swift in Sources */,
				A95E67E61F5D71BE001D8B19 /* ActionServicesMock.swift in Sources */,
				A9D0FC361F56C29900596CF3 /* ScannerVCMock.swift in Sources */,
			);
			runOnlyForDeploymentPostprocessing = 0;
		};
		A9C54DC01F41A8E500DF2074 /* Sources */ = {
			isa = PBXSourcesBuildPhase;
			buildActionMask = 2147483647;
			files = (
				8F5F7A181F4C60E700E62E57 /* HomeVC.swift in Sources */,
				8F2080951F4EAAAB00C328DC /* TriggeringPresenter.swift in Sources */,
				8F2080981F4EAAAB00C328DC /* TriggeringInteractor.swift in Sources */,
				A9AC212C1F554C5200095EC5 /* UIColor+Extension.swift in Sources */,
				8F0961401F5C613200FD03F4 /* TriggerViewModelFactory.swift in Sources */,
				8F0961331F5BFFA900FD03F4 /* LogsInteractor.swift in Sources */,
				8F4A27B81F5D25DD003B440D /* OrchextraWrapper.swift in Sources */,
				8F2080B41F4EE2A200C328DC /* ScannerPresenter.swift in Sources */,
				8F5F7A191F4C60E700E62E57 /* HomeWireframe.swift in Sources */,
				8F2080971F4EAAAB00C328DC /* TriggeringWireframe.swift in Sources */,
				8FCE6FB51F504F480098A325 /* RegionAnnotation.swift in Sources */,
				8F09613A1F5C089500FD03F4 /* FilterVC.swift in Sources */,
				8F5F7A1A1F4C60E700E62E57 /* HomeInteractor.swift in Sources */,
				8F7F58ED1F4D84BD00271FC7 /* SettingsPresenter.swift in Sources */,
				8F7F58EC1F4D84BD00271FC7 /* SettingsInteractor.swift in Sources */,
				8F20808F1F4EA59600C328DC /* Constants.swift in Sources */,
				8F2080B81F4EFE8000C328DC /* ScannerInteractor.swift in Sources */,
				8F4A27B31F5D2419003B440D /* TriggersManager.swift in Sources */,
				8F0961391F5C089500FD03F4 /* FilterPresenter.swift in Sources */,
				8F13F0E11F5B0AC50028B1FF /* LogsVC.swift in Sources */,
				8F2080A81F4EE28000C328DC /* GeofencesPresenter.swift in Sources */,
				8FCE6FB31F504F070098A325 /* GeofencesVC.swift in Sources */,
				8F2080AE1F4EE29000C328DC /* LogsPresenter.swift in Sources */,
				8F7F58F11F4D87D800271FC7 /* AppController.swift in Sources */,
				8F13F0E31F5B0AE00028B1FF /* LogTableViewCell.swift in Sources */,
				8F7F58DC1F4D81FB00271FC7 /* AppDelegate.swift in Sources */,
				8F09613C1F5C089500FD03F4 /* FilterInteractor.swift in Sources */,
				8F2080B61F4EE2A200C328DC /* ScannerWireframe.swift in Sources */,
				8F7F58DE1F4D822000271FC7 /* AppWireframe.swift in Sources */,
				8F0C4B531F57FCC700056910 /* ViewController.swift in Sources */,
				8F2080AA1F4EE28000C328DC /* GeofencesWireframe.swift in Sources */,
				8F2080961F4EAAAB00C328DC /* TriggeringVC.swift in Sources */,
				8F09613B1F5C089500FD03F4 /* FilterWireframe.swift in Sources */,
				8F7F58EF1F4D84BD00271FC7 /* SettingsWireframe.swift in Sources */,
				8F5F7A171F4C60E700E62E57 /* HomePresenter.swift in Sources */,
				8F2080B01F4EE29000C328DC /* LogsWireframe.swift in Sources */,
				8F2080B51F4EE2A200C328DC /* ScannerVC.swift in Sources */,
				8F2042421F5E73BE00782D63 /* TriggerFired.swift in Sources */,
				8F7F58EE1F4D84BD00271FC7 /* SettingsVC.swift in Sources */,
			);
			runOnlyForDeploymentPostprocessing = 0;
		};
/* End PBXSourcesBuildPhase section */

/* Begin PBXTargetDependency section */
		A95E67E31F5D6DF2001D8B19 /* PBXTargetDependency */ = {
			isa = PBXTargetDependency;
			target = A9C54DC31F41A8E500DF2074 /* OrchextraApp */;
			targetProxy = A95E67E21F5D6DF2001D8B19 /* PBXContainerItemProxy */;
		};
		A9C54DA31F41A6F100DF2074 /* PBXTargetDependency */ = {
			isa = PBXTargetDependency;
			target = A9C54D961F41A6F100DF2074 /* Orchextra */;
			targetProxy = A9C54DA21F41A6F100DF2074 /* PBXContainerItemProxy */;
		};
		A9C54DDA1F41A99700DF2074 /* PBXTargetDependency */ = {
			isa = PBXTargetDependency;
			target = A9C54D961F41A6F100DF2074 /* Orchextra */;
			targetProxy = A9C54DD91F41A99700DF2074 /* PBXContainerItemProxy */;
		};
/* End PBXTargetDependency section */

/* Begin PBXVariantGroup section */
		A9AC21151F543D9600095EC5 /* Localizable.strings */ = {
			isa = PBXVariantGroup;
			children = (
				A9AC21161F543D9600095EC5 /* de */,
				A9AC21171F543D9600095EC5 /* en */,
				A9AC21181F543D9600095EC5 /* es */,
				A9AC21191F543D9600095EC5 /* fr */,
				A9AC211A1F543D9600095EC5 /* hu */,
				A9AC211B1F543D9600095EC5 /* it */,
				A9AC211E1F543D9600095EC5 /* pl */,
				A9AC211F1F543D9600095EC5 /* pt-br */,
			);
			name = Localizable.strings;
			sourceTree = "<group>";
		};
		A9C54DCF1F41A8E500DF2074 /* LaunchScreen.storyboard */ = {
			isa = PBXVariantGroup;
			children = (
				A9C54DD01F41A8E500DF2074 /* Base */,
			);
			name = LaunchScreen.storyboard;
			sourceTree = "<group>";
		};
/* End PBXVariantGroup section */

/* Begin XCBuildConfiguration section */
		A9C54DA91F41A6F100DF2074 /* Debug */ = {
			isa = XCBuildConfiguration;
			buildSettings = {
				ALWAYS_SEARCH_USER_PATHS = NO;
				CLANG_ANALYZER_NONNULL = YES;
				CLANG_ANALYZER_NUMBER_OBJECT_CONVERSION = YES_AGGRESSIVE;
				CLANG_CXX_LANGUAGE_STANDARD = "gnu++0x";
				CLANG_CXX_LIBRARY = "libc++";
				CLANG_ENABLE_MODULES = YES;
				CLANG_ENABLE_OBJC_ARC = YES;
				CLANG_WARN_BOOL_CONVERSION = YES;
				CLANG_WARN_CONSTANT_CONVERSION = YES;
				CLANG_WARN_DIRECT_OBJC_ISA_USAGE = YES_ERROR;
				CLANG_WARN_DOCUMENTATION_COMMENTS = YES;
				CLANG_WARN_EMPTY_BODY = YES;
				CLANG_WARN_ENUM_CONVERSION = YES;
				CLANG_WARN_INFINITE_RECURSION = YES;
				CLANG_WARN_INT_CONVERSION = YES;
				CLANG_WARN_OBJC_ROOT_CLASS = YES_ERROR;
				CLANG_WARN_SUSPICIOUS_MOVE = YES;
				CLANG_WARN_UNREACHABLE_CODE = YES;
				CLANG_WARN__DUPLICATE_METHOD_MATCH = YES;
				"CODE_SIGN_IDENTITY[sdk=iphoneos*]" = "iPhone Developer";
				COPY_PHASE_STRIP = NO;
				CURRENT_PROJECT_VERSION = 208;
				DEBUG_INFORMATION_FORMAT = dwarf;
				ENABLE_STRICT_OBJC_MSGSEND = YES;
				ENABLE_TESTABILITY = YES;
				GCC_C_LANGUAGE_STANDARD = gnu99;
				GCC_DYNAMIC_NO_PIC = NO;
				GCC_NO_COMMON_BLOCKS = YES;
				GCC_OPTIMIZATION_LEVEL = 0;
				GCC_PREPROCESSOR_DEFINITIONS = (
					"DEBUG=1",
					"$(inherited)",
				);
				GCC_WARN_64_TO_32_BIT_CONVERSION = YES;
				GCC_WARN_ABOUT_RETURN_TYPE = YES_ERROR;
				GCC_WARN_UNDECLARED_SELECTOR = YES;
				GCC_WARN_UNINITIALIZED_AUTOS = YES_AGGRESSIVE;
				GCC_WARN_UNUSED_FUNCTION = YES;
				GCC_WARN_UNUSED_VARIABLE = YES;
				IPHONEOS_DEPLOYMENT_TARGET = 10.3;
				MTL_ENABLE_DEBUG_INFO = YES;
				ONLY_ACTIVE_ARCH = YES;
				SDKROOT = iphoneos;
				SWIFT_ACTIVE_COMPILATION_CONDITIONS = DEBUG;
				SWIFT_OPTIMIZATION_LEVEL = "-Onone";
				TARGETED_DEVICE_FAMILY = "1,2";
				VERSIONING_SYSTEM = "apple-generic";
				VERSION_INFO_PREFIX = "";
			};
			name = Debug;
		};
		A9C54DAA1F41A6F100DF2074 /* Release */ = {
			isa = XCBuildConfiguration;
			buildSettings = {
				ALWAYS_SEARCH_USER_PATHS = NO;
				CLANG_ANALYZER_NONNULL = YES;
				CLANG_ANALYZER_NUMBER_OBJECT_CONVERSION = YES_AGGRESSIVE;
				CLANG_CXX_LANGUAGE_STANDARD = "gnu++0x";
				CLANG_CXX_LIBRARY = "libc++";
				CLANG_ENABLE_MODULES = YES;
				CLANG_ENABLE_OBJC_ARC = YES;
				CLANG_WARN_BOOL_CONVERSION = YES;
				CLANG_WARN_CONSTANT_CONVERSION = YES;
				CLANG_WARN_DIRECT_OBJC_ISA_USAGE = YES_ERROR;
				CLANG_WARN_DOCUMENTATION_COMMENTS = YES;
				CLANG_WARN_EMPTY_BODY = YES;
				CLANG_WARN_ENUM_CONVERSION = YES;
				CLANG_WARN_INFINITE_RECURSION = YES;
				CLANG_WARN_INT_CONVERSION = YES;
				CLANG_WARN_OBJC_ROOT_CLASS = YES_ERROR;
				CLANG_WARN_SUSPICIOUS_MOVE = YES;
				CLANG_WARN_UNREACHABLE_CODE = YES;
				CLANG_WARN__DUPLICATE_METHOD_MATCH = YES;
				"CODE_SIGN_IDENTITY[sdk=iphoneos*]" = "iPhone Developer";
				COPY_PHASE_STRIP = NO;
				CURRENT_PROJECT_VERSION = 208;
				DEBUG_INFORMATION_FORMAT = "dwarf-with-dsym";
				ENABLE_NS_ASSERTIONS = NO;
				ENABLE_STRICT_OBJC_MSGSEND = YES;
				GCC_C_LANGUAGE_STANDARD = gnu99;
				GCC_NO_COMMON_BLOCKS = YES;
				GCC_WARN_64_TO_32_BIT_CONVERSION = YES;
				GCC_WARN_ABOUT_RETURN_TYPE = YES_ERROR;
				GCC_WARN_UNDECLARED_SELECTOR = YES;
				GCC_WARN_UNINITIALIZED_AUTOS = YES_AGGRESSIVE;
				GCC_WARN_UNUSED_FUNCTION = YES;
				GCC_WARN_UNUSED_VARIABLE = YES;
				IPHONEOS_DEPLOYMENT_TARGET = 10.3;
				MTL_ENABLE_DEBUG_INFO = NO;
				SDKROOT = iphoneos;
				SWIFT_OPTIMIZATION_LEVEL = "-Owholemodule";
				TARGETED_DEVICE_FAMILY = "1,2";
				VALIDATE_PRODUCT = YES;
				VERSIONING_SYSTEM = "apple-generic";
				VERSION_INFO_PREFIX = "";
			};
			name = Release;
		};
		A9C54DAC1F41A6F100DF2074 /* Debug */ = {
			isa = XCBuildConfiguration;
			buildSettings = {
				CLANG_ENABLE_MODULES = YES;
				CODE_SIGN_IDENTITY = "";
				DEFINES_MODULE = YES;
				DEVELOPMENT_TEAM = SU5BA5HAQK;
				DYLIB_COMPATIBILITY_VERSION = 1;
				DYLIB_CURRENT_VERSION = 208;
				DYLIB_INSTALL_NAME_BASE = "@rpath";
				FRAMEWORK_SEARCH_PATHS = (
					"$(inherited)",
					"$(PROJECT_DIR)/Carthage/Build/iOS",
				);
				INFOPLIST_FILE = Orchextra/Info.plist;
				INSTALL_PATH = "$(LOCAL_LIBRARY_DIR)/Frameworks";
				IPHONEOS_DEPLOYMENT_TARGET = 9.0;
				LD_RUNPATH_SEARCH_PATHS = "$(inherited) @executable_path/Frameworks @loader_path/Frameworks";
				PRODUCT_BUNDLE_IDENTIFIER = com.gigigo.Orchextra;
				PRODUCT_NAME = "$(TARGET_NAME)";
				SKIP_INSTALL = YES;
				SWIFT_OPTIMIZATION_LEVEL = "-Onone";
				SWIFT_VERSION = 3.0;
			};
			name = Debug;
		};
		A9C54DAD1F41A6F100DF2074 /* Release */ = {
			isa = XCBuildConfiguration;
			buildSettings = {
				CLANG_ENABLE_MODULES = YES;
				CODE_SIGN_IDENTITY = "";
				DEFINES_MODULE = YES;
				DEVELOPMENT_TEAM = SU5BA5HAQK;
				DYLIB_COMPATIBILITY_VERSION = 1;
				DYLIB_CURRENT_VERSION = 208;
				DYLIB_INSTALL_NAME_BASE = "@rpath";
				FRAMEWORK_SEARCH_PATHS = (
					"$(inherited)",
					"$(PROJECT_DIR)/Carthage/Build/iOS",
				);
				INFOPLIST_FILE = Orchextra/Info.plist;
				INSTALL_PATH = "$(LOCAL_LIBRARY_DIR)/Frameworks";
				IPHONEOS_DEPLOYMENT_TARGET = 9.0;
				LD_RUNPATH_SEARCH_PATHS = "$(inherited) @executable_path/Frameworks @loader_path/Frameworks";
				PRODUCT_BUNDLE_IDENTIFIER = com.gigigo.Orchextra;
				PRODUCT_NAME = "$(TARGET_NAME)";
				SKIP_INSTALL = YES;
				SWIFT_VERSION = 3.0;
			};
			name = Release;
		};
		A9C54DAF1F41A6F100DF2074 /* Debug */ = {
			isa = XCBuildConfiguration;
			buildSettings = {
				ALWAYS_EMBED_SWIFT_STANDARD_LIBRARIES = YES;
				DEVELOPMENT_TEAM = SU5BA5HAQK;
				FRAMEWORK_SEARCH_PATHS = (
					"$(inherited)",
					"$(PROJECT_DIR)/Carthage/Build/iOS",
				);
				INFOPLIST_FILE = OrchextraTests/Info.plist;
				LD_RUNPATH_SEARCH_PATHS = "$(inherited) @executable_path/Frameworks @loader_path/Frameworks";
				PRODUCT_BUNDLE_IDENTIFIER = com.gigigo.OrchextraTests;
				PRODUCT_NAME = "$(TARGET_NAME)";
				SWIFT_VERSION = 3.0;
				TEST_HOST = "$(BUILT_PRODUCTS_DIR)/OrchextraApp.app/OrchextraApp";
			};
			name = Debug;
		};
		A9C54DB01F41A6F100DF2074 /* Release */ = {
			isa = XCBuildConfiguration;
			buildSettings = {
				ALWAYS_EMBED_SWIFT_STANDARD_LIBRARIES = YES;
				DEVELOPMENT_TEAM = SU5BA5HAQK;
				FRAMEWORK_SEARCH_PATHS = (
					"$(inherited)",
					"$(PROJECT_DIR)/Carthage/Build/iOS",
				);
				INFOPLIST_FILE = OrchextraTests/Info.plist;
				LD_RUNPATH_SEARCH_PATHS = "$(inherited) @executable_path/Frameworks @loader_path/Frameworks";
				PRODUCT_BUNDLE_IDENTIFIER = com.gigigo.OrchextraTests;
				PRODUCT_NAME = "$(TARGET_NAME)";
				SWIFT_VERSION = 3.0;
				TEST_HOST = "$(BUILT_PRODUCTS_DIR)/OrchextraApp.app/OrchextraApp";
			};
			name = Release;
		};
		A9C54DD41F41A8E500DF2074 /* Debug */ = {
			isa = XCBuildConfiguration;
			buildSettings = {
				ALWAYS_EMBED_SWIFT_STANDARD_LIBRARIES = YES;
				ASSETCATALOG_COMPILER_APPICON_NAME = AppIcon;
				"CODE_SIGN_IDENTITY[sdk=iphoneos*]" = "iPhone Developer";
				DEVELOPMENT_TEAM = SU5BA5HAQK;
				FRAMEWORK_SEARCH_PATHS = (
					"$(inherited)",
					"$(PROJECT_DIR)/Carthage/Build/iOS",
				);
				INFOPLIST_FILE = OrchextraApp/Info.plist;
				IPHONEOS_DEPLOYMENT_TARGET = 9.0;
				LD_RUNPATH_SEARCH_PATHS = "$(inherited) @executable_path/Frameworks";
				PRODUCT_BUNDLE_IDENTIFIER = com.gigigo.OrchextraApp;
				PRODUCT_NAME = "$(TARGET_NAME)";
				PROVISIONING_PROFILE = "70d2821d-6ccc-4f4f-8f63-43076f313af7";
				PROVISIONING_PROFILE_SPECIFIER = Wildcard_Development;
				SWIFT_VERSION = 3.0;
			};
			name = Debug;
		};
		A9C54DD51F41A8E500DF2074 /* Release */ = {
			isa = XCBuildConfiguration;
			buildSettings = {
				ALWAYS_EMBED_SWIFT_STANDARD_LIBRARIES = YES;
				ASSETCATALOG_COMPILER_APPICON_NAME = AppIcon;
				"CODE_SIGN_IDENTITY[sdk=iphoneos*]" = "iPhone Distribution";
				DEVELOPMENT_TEAM = SU5BA5HAQK;
				FRAMEWORK_SEARCH_PATHS = (
					"$(inherited)",
					"$(PROJECT_DIR)/Carthage/Build/iOS",
				);
				INFOPLIST_FILE = OrchextraApp/Info.plist;
				IPHONEOS_DEPLOYMENT_TARGET = 9.0;
				LD_RUNPATH_SEARCH_PATHS = "$(inherited) @executable_path/Frameworks";
				PRODUCT_BUNDLE_IDENTIFIER = com.gigigo.OrchextraApp;
				PRODUCT_NAME = "$(TARGET_NAME)";
				PROVISIONING_PROFILE = "efbdc145-94bd-4e39-b6eb-9a55929ef740";
				PROVISIONING_PROFILE_SPECIFIER = EnterpriseGeneric15;
				SWIFT_VERSION = 3.0;
			};
			name = Release;
		};
/* End XCBuildConfiguration section */

/* Begin XCConfigurationList section */
		A9C54D911F41A6F100DF2074 /* Build configuration list for PBXProject "Orchextra" */ = {
			isa = XCConfigurationList;
			buildConfigurations = (
				A9C54DA91F41A6F100DF2074 /* Debug */,
				A9C54DAA1F41A6F100DF2074 /* Release */,
			);
			defaultConfigurationIsVisible = 0;
			defaultConfigurationName = Release;
		};
		A9C54DAB1F41A6F100DF2074 /* Build configuration list for PBXNativeTarget "Orchextra" */ = {
			isa = XCConfigurationList;
			buildConfigurations = (
				A9C54DAC1F41A6F100DF2074 /* Debug */,
				A9C54DAD1F41A6F100DF2074 /* Release */,
			);
			defaultConfigurationIsVisible = 0;
			defaultConfigurationName = Release;
		};
		A9C54DAE1F41A6F100DF2074 /* Build configuration list for PBXNativeTarget "OrchextraTests" */ = {
			isa = XCConfigurationList;
			buildConfigurations = (
				A9C54DAF1F41A6F100DF2074 /* Debug */,
				A9C54DB01F41A6F100DF2074 /* Release */,
			);
			defaultConfigurationIsVisible = 0;
			defaultConfigurationName = Release;
		};
		A9C54DD31F41A8E500DF2074 /* Build configuration list for PBXNativeTarget "OrchextraApp" */ = {
			isa = XCConfigurationList;
			buildConfigurations = (
				A9C54DD41F41A8E500DF2074 /* Debug */,
				A9C54DD51F41A8E500DF2074 /* Release */,
			);
			defaultConfigurationIsVisible = 0;
			defaultConfigurationName = Release;
		};
/* End XCConfigurationList section */
	};
	rootObject = A9C54D8E1F41A6F100DF2074 /* Project object */;
}
